// !$*UTF8*$!
{
	archiveVersion = 1;
	classes = {
	};
	objectVersion = 50;
	objects = {

/* Begin PBXBuildFile section */
		67A1DFB22426179000256D01 /* Middleware.swift in Sources */ = {isa = PBXBuildFile; fileRef = 67A1DFB12426179000256D01 /* Middleware.swift */; };
		67A1DFB32426179100256D01 /* Middleware.swift in Sources */ = {isa = PBXBuildFile; fileRef = 67A1DFB12426179000256D01 /* Middleware.swift */; };
		67A1DFB42426179100256D01 /* Middleware.swift in Sources */ = {isa = PBXBuildFile; fileRef = 67A1DFB12426179000256D01 /* Middleware.swift */; };
		67A1DFB52426179100256D01 /* Middleware.swift in Sources */ = {isa = PBXBuildFile; fileRef = 67A1DFB12426179000256D01 /* Middleware.swift */; };
		FD30F8F323BA0EDF00C8652C /* Redux.framework in Frameworks */ = {isa = PBXBuildFile; fileRef = FD30F8E923BA0EDF00C8652C /* Redux.framework */; };
		FD30F92923BA0F3D00C8652C /* Redux.framework in Frameworks */ = {isa = PBXBuildFile; fileRef = FD30F92023BA0F3D00C8652C /* Redux.framework */; };
		FD30F94523BA0F4C00C8652C /* Redux.framework in Frameworks */ = {isa = PBXBuildFile; fileRef = FD30F93C23BA0F4C00C8652C /* Redux.framework */; };
		FD30F96023BA11D100C8652C /* Redux.h in Headers */ = {isa = PBXBuildFile; fileRef = FD30F95F23BA11D000C8652C /* Redux.h */; settings = {ATTRIBUTES = (Public, ); }; };
		FD30F96123BA11D100C8652C /* Redux.h in Headers */ = {isa = PBXBuildFile; fileRef = FD30F95F23BA11D000C8652C /* Redux.h */; settings = {ATTRIBUTES = (Public, ); }; };
		FD30F96223BA11D100C8652C /* Redux.h in Headers */ = {isa = PBXBuildFile; fileRef = FD30F95F23BA11D000C8652C /* Redux.h */; settings = {ATTRIBUTES = (Public, ); }; };
		FD30F96323BA11D100C8652C /* Redux.h in Headers */ = {isa = PBXBuildFile; fileRef = FD30F95F23BA11D000C8652C /* Redux.h */; settings = {ATTRIBUTES = (Public, ); }; };
		FD30F96523BA11F400C8652C /* ReduxTests.swift in Sources */ = {isa = PBXBuildFile; fileRef = FD30F96423BA11F400C8652C /* ReduxTests.swift */; };
		FD30F96623BA11F400C8652C /* ReduxTests.swift in Sources */ = {isa = PBXBuildFile; fileRef = FD30F96423BA11F400C8652C /* ReduxTests.swift */; };
		FD30F96723BA11F400C8652C /* ReduxTests.swift in Sources */ = {isa = PBXBuildFile; fileRef = FD30F96423BA11F400C8652C /* ReduxTests.swift */; };
		FD30F96C23BA123E00C8652C /* Reducer.swift in Sources */ = {isa = PBXBuildFile; fileRef = FD30F96823BA123400C8652C /* Reducer.swift */; };
		FD30F96D23BA123E00C8652C /* Reducer.swift in Sources */ = {isa = PBXBuildFile; fileRef = FD30F96823BA123400C8652C /* Reducer.swift */; };
		FD30F96E23BA123F00C8652C /* Reducer.swift in Sources */ = {isa = PBXBuildFile; fileRef = FD30F96823BA123400C8652C /* Reducer.swift */; };
		FD30F96F23BA123F00C8652C /* Reducer.swift in Sources */ = {isa = PBXBuildFile; fileRef = FD30F96823BA123400C8652C /* Reducer.swift */; };
		FD30F97A23BA134100C8652C /* StoreProtocol.swift in Sources */ = {isa = PBXBuildFile; fileRef = FD30F97923BA134100C8652C /* StoreProtocol.swift */; };
		FD30F97B23BA134100C8652C /* StoreProtocol.swift in Sources */ = {isa = PBXBuildFile; fileRef = FD30F97923BA134100C8652C /* StoreProtocol.swift */; };
		FD30F97C23BA134100C8652C /* StoreProtocol.swift in Sources */ = {isa = PBXBuildFile; fileRef = FD30F97923BA134100C8652C /* StoreProtocol.swift */; };
		FD30F97D23BA134100C8652C /* StoreProtocol.swift in Sources */ = {isa = PBXBuildFile; fileRef = FD30F97923BA134100C8652C /* StoreProtocol.swift */; };
		FD30F97E23BA134600C8652C /* State.swift in Sources */ = {isa = PBXBuildFile; fileRef = FD30F97523BA12F600C8652C /* State.swift */; };
		FD30F97F23BA134700C8652C /* State.swift in Sources */ = {isa = PBXBuildFile; fileRef = FD30F97523BA12F600C8652C /* State.swift */; };
		FD30F98023BA134700C8652C /* State.swift in Sources */ = {isa = PBXBuildFile; fileRef = FD30F97523BA12F600C8652C /* State.swift */; };
		FD30F98123BA134800C8652C /* State.swift in Sources */ = {isa = PBXBuildFile; fileRef = FD30F97523BA12F600C8652C /* State.swift */; };
		FD30F98223BA134B00C8652C /* Action.swift in Sources */ = {isa = PBXBuildFile; fileRef = FD30F97123BA12E200C8652C /* Action.swift */; };
		FD30F98323BA134B00C8652C /* Action.swift in Sources */ = {isa = PBXBuildFile; fileRef = FD30F97123BA12E200C8652C /* Action.swift */; };
		FD30F98423BA134C00C8652C /* Action.swift in Sources */ = {isa = PBXBuildFile; fileRef = FD30F97123BA12E200C8652C /* Action.swift */; };
		FD30F98523BA134D00C8652C /* Action.swift in Sources */ = {isa = PBXBuildFile; fileRef = FD30F97123BA12E200C8652C /* Action.swift */; };
		FD30F98723BA136700C8652C /* StoreSubscriber.swift in Sources */ = {isa = PBXBuildFile; fileRef = FD30F98623BA136700C8652C /* StoreSubscriber.swift */; };
		FD30F98823BA136700C8652C /* StoreSubscriber.swift in Sources */ = {isa = PBXBuildFile; fileRef = FD30F98623BA136700C8652C /* StoreSubscriber.swift */; };
		FD30F98923BA136700C8652C /* StoreSubscriber.swift in Sources */ = {isa = PBXBuildFile; fileRef = FD30F98623BA136700C8652C /* StoreSubscriber.swift */; };
		FD30F98A23BA136700C8652C /* StoreSubscriber.swift in Sources */ = {isa = PBXBuildFile; fileRef = FD30F98623BA136700C8652C /* StoreSubscriber.swift */; };
		FD30F98C23BA138300C8652C /* Store.swift in Sources */ = {isa = PBXBuildFile; fileRef = FD30F98B23BA138300C8652C /* Store.swift */; };
		FD30F98D23BA138300C8652C /* Store.swift in Sources */ = {isa = PBXBuildFile; fileRef = FD30F98B23BA138300C8652C /* Store.swift */; };
		FD30F98E23BA138300C8652C /* Store.swift in Sources */ = {isa = PBXBuildFile; fileRef = FD30F98B23BA138300C8652C /* Store.swift */; };
		FD30F98F23BA138300C8652C /* Store.swift in Sources */ = {isa = PBXBuildFile; fileRef = FD30F98B23BA138300C8652C /* Store.swift */; };
		FD30F99123BA403000C8652C /* StoreSubscriberProtocol.swift in Sources */ = {isa = PBXBuildFile; fileRef = FD30F99023BA403000C8652C /* StoreSubscriberProtocol.swift */; };
		FD30F99223BA403000C8652C /* StoreSubscriberProtocol.swift in Sources */ = {isa = PBXBuildFile; fileRef = FD30F99023BA403000C8652C /* StoreSubscriberProtocol.swift */; };
		FD30F99323BA403000C8652C /* StoreSubscriberProtocol.swift in Sources */ = {isa = PBXBuildFile; fileRef = FD30F99023BA403000C8652C /* StoreSubscriberProtocol.swift */; };
		FD30F99423BA403000C8652C /* StoreSubscriberProtocol.swift in Sources */ = {isa = PBXBuildFile; fileRef = FD30F99023BA403000C8652C /* StoreSubscriberProtocol.swift */; };
		FD30F9A423BA477700C8652C /* Action.swift in Sources */ = {isa = PBXBuildFile; fileRef = FD30F99523BA473800C8652C /* Action.swift */; };
		FD30F9A523BA477700C8652C /* PlayerState.swift in Sources */ = {isa = PBXBuildFile; fileRef = FD30F99A23BA474D00C8652C /* PlayerState.swift */; };
		FD30F9A623BA477700C8652C /* TestReducer.swift in Sources */ = {isa = PBXBuildFile; fileRef = FD30F99F23BA476200C8652C /* TestReducer.swift */; };
		FD30F9A723BA477900C8652C /* Action.swift in Sources */ = {isa = PBXBuildFile; fileRef = FD30F99523BA473800C8652C /* Action.swift */; };
		FD30F9A823BA477900C8652C /* PlayerState.swift in Sources */ = {isa = PBXBuildFile; fileRef = FD30F99A23BA474D00C8652C /* PlayerState.swift */; };
		FD30F9A923BA477900C8652C /* TestReducer.swift in Sources */ = {isa = PBXBuildFile; fileRef = FD30F99F23BA476200C8652C /* TestReducer.swift */; };
		FD30F9AA23BA477A00C8652C /* Action.swift in Sources */ = {isa = PBXBuildFile; fileRef = FD30F99523BA473800C8652C /* Action.swift */; };
		FD30F9AB23BA477A00C8652C /* PlayerState.swift in Sources */ = {isa = PBXBuildFile; fileRef = FD30F99A23BA474D00C8652C /* PlayerState.swift */; };
		FD30F9AC23BA477A00C8652C /* TestReducer.swift in Sources */ = {isa = PBXBuildFile; fileRef = FD30F99F23BA476200C8652C /* TestReducer.swift */; };
		FD30F9AE23BA479000C8652C /* MockSubscriber.swift in Sources */ = {isa = PBXBuildFile; fileRef = FD30F9AD23BA479000C8652C /* MockSubscriber.swift */; };
		FD30F9AF23BA479000C8652C /* MockSubscriber.swift in Sources */ = {isa = PBXBuildFile; fileRef = FD30F9AD23BA479000C8652C /* MockSubscriber.swift */; };
		FD30F9B023BA479000C8652C /* MockSubscriber.swift in Sources */ = {isa = PBXBuildFile; fileRef = FD30F9AD23BA479000C8652C /* MockSubscriber.swift */; };
		FD30F9B623BA4A3800C8652C /* ReduxInitTests.swift in Sources */ = {isa = PBXBuildFile; fileRef = FD30F9B523BA4A3800C8652C /* ReduxInitTests.swift */; };
		FD30F9B723BA4A3800C8652C /* ReduxInitTests.swift in Sources */ = {isa = PBXBuildFile; fileRef = FD30F9B523BA4A3800C8652C /* ReduxInitTests.swift */; };
		FD30F9B823BA4A3800C8652C /* ReduxInitTests.swift in Sources */ = {isa = PBXBuildFile; fileRef = FD30F9B523BA4A3800C8652C /* ReduxInitTests.swift */; };
/* End PBXBuildFile section */

/* Begin PBXContainerItemProxy section */
		FD30F8F423BA0EDF00C8652C /* PBXContainerItemProxy */ = {
			isa = PBXContainerItemProxy;
			containerPortal = FD30F8DE23BA0E5900C8652C /* Project object */;
			proxyType = 1;
			remoteGlobalIDString = FD30F8E823BA0EDF00C8652C;
			remoteInfo = "Redux iOS";
		};
		FD30F92A23BA0F3D00C8652C /* PBXContainerItemProxy */ = {
			isa = PBXContainerItemProxy;
			containerPortal = FD30F8DE23BA0E5900C8652C /* Project object */;
			proxyType = 1;
			remoteGlobalIDString = FD30F91F23BA0F3D00C8652C;
			remoteInfo = "Redux tvOS";
		};
		FD30F94623BA0F4C00C8652C /* PBXContainerItemProxy */ = {
			isa = PBXContainerItemProxy;
			containerPortal = FD30F8DE23BA0E5900C8652C /* Project object */;
			proxyType = 1;
			remoteGlobalIDString = FD30F93B23BA0F4C00C8652C;
			remoteInfo = "Redux macOS";
		};
/* End PBXContainerItemProxy section */

/* Begin PBXFileReference section */
		67A1DFB12426179000256D01 /* Middleware.swift */ = {isa = PBXFileReference; lastKnownFileType = sourcecode.swift; path = Middleware.swift; sourceTree = "<group>"; };
		FD30F8E923BA0EDF00C8652C /* Redux.framework */ = {isa = PBXFileReference; explicitFileType = wrapper.framework; includeInIndex = 0; path = Redux.framework; sourceTree = BUILT_PRODUCTS_DIR; };
		FD30F8F223BA0EDF00C8652C /* ReduxTests.xctest */ = {isa = PBXFileReference; explicitFileType = wrapper.cfbundle; includeInIndex = 0; path = ReduxTests.xctest; sourceTree = BUILT_PRODUCTS_DIR; };
		FD30F90623BA0EF700C8652C /* Redux.framework */ = {isa = PBXFileReference; explicitFileType = wrapper.framework; includeInIndex = 0; path = Redux.framework; sourceTree = BUILT_PRODUCTS_DIR; };
		FD30F92023BA0F3D00C8652C /* Redux.framework */ = {isa = PBXFileReference; explicitFileType = wrapper.framework; includeInIndex = 0; path = Redux.framework; sourceTree = BUILT_PRODUCTS_DIR; };
		FD30F92823BA0F3D00C8652C /* ReduxTests.xctest */ = {isa = PBXFileReference; explicitFileType = wrapper.cfbundle; includeInIndex = 0; path = ReduxTests.xctest; sourceTree = BUILT_PRODUCTS_DIR; };
		FD30F93C23BA0F4C00C8652C /* Redux.framework */ = {isa = PBXFileReference; explicitFileType = wrapper.framework; includeInIndex = 0; path = Redux.framework; sourceTree = BUILT_PRODUCTS_DIR; };
		FD30F94423BA0F4C00C8652C /* ReduxTests.xctest */ = {isa = PBXFileReference; explicitFileType = wrapper.cfbundle; includeInIndex = 0; path = ReduxTests.xctest; sourceTree = BUILT_PRODUCTS_DIR; };
		FD30F95623BA103A00C8652C /* Info-tvOS.plist */ = {isa = PBXFileReference; lastKnownFileType = text.plist.xml; path = "Info-tvOS.plist"; sourceTree = "<group>"; };
		FD30F95723BA103A00C8652C /* Info-iOS.plist */ = {isa = PBXFileReference; lastKnownFileType = text.plist.xml; path = "Info-iOS.plist"; sourceTree = "<group>"; };
		FD30F95823BA103A00C8652C /* Info-macOS.plist */ = {isa = PBXFileReference; lastKnownFileType = text.plist.xml; path = "Info-macOS.plist"; sourceTree = "<group>"; };
		FD30F95923BA103A00C8652C /* Info-watchOS.plist */ = {isa = PBXFileReference; lastKnownFileType = text.plist.xml; path = "Info-watchOS.plist"; sourceTree = "<group>"; };
		FD30F95B23BA104E00C8652C /* Info-iOSTests.plist */ = {isa = PBXFileReference; lastKnownFileType = text.plist.xml; path = "Info-iOSTests.plist"; sourceTree = "<group>"; };
		FD30F95C23BA104E00C8652C /* Info-tvOSTests.plist */ = {isa = PBXFileReference; lastKnownFileType = text.plist.xml; path = "Info-tvOSTests.plist"; sourceTree = "<group>"; };
		FD30F95D23BA104E00C8652C /* Info-macOSTests.plist */ = {isa = PBXFileReference; lastKnownFileType = text.plist.xml; path = "Info-macOSTests.plist"; sourceTree = "<group>"; };
		FD30F95F23BA11D000C8652C /* Redux.h */ = {isa = PBXFileReference; fileEncoding = 4; lastKnownFileType = sourcecode.c.h; path = Redux.h; sourceTree = "<group>"; };
		FD30F96423BA11F400C8652C /* ReduxTests.swift */ = {isa = PBXFileReference; fileEncoding = 4; lastKnownFileType = sourcecode.swift; path = ReduxTests.swift; sourceTree = "<group>"; };
		FD30F96823BA123400C8652C /* Reducer.swift */ = {isa = PBXFileReference; lastKnownFileType = sourcecode.swift; path = Reducer.swift; sourceTree = "<group>"; };
		FD30F97023BA127F00C8652C /* Package.swift */ = {isa = PBXFileReference; lastKnownFileType = sourcecode.swift; path = Package.swift; sourceTree = "<group>"; };
		FD30F97123BA12E200C8652C /* Action.swift */ = {isa = PBXFileReference; lastKnownFileType = sourcecode.swift; path = Action.swift; sourceTree = "<group>"; };
		FD30F97523BA12F600C8652C /* State.swift */ = {isa = PBXFileReference; lastKnownFileType = sourcecode.swift; path = State.swift; sourceTree = "<group>"; };
		FD30F97923BA134100C8652C /* StoreProtocol.swift */ = {isa = PBXFileReference; lastKnownFileType = sourcecode.swift; path = StoreProtocol.swift; sourceTree = "<group>"; };
		FD30F98623BA136700C8652C /* StoreSubscriber.swift */ = {isa = PBXFileReference; lastKnownFileType = sourcecode.swift; path = StoreSubscriber.swift; sourceTree = "<group>"; };
		FD30F98B23BA138300C8652C /* Store.swift */ = {isa = PBXFileReference; lastKnownFileType = sourcecode.swift; path = Store.swift; sourceTree = "<group>"; };
		FD30F99023BA403000C8652C /* StoreSubscriberProtocol.swift */ = {isa = PBXFileReference; lastKnownFileType = sourcecode.swift; path = StoreSubscriberProtocol.swift; sourceTree = "<group>"; };
		FD30F99523BA473800C8652C /* Action.swift */ = {isa = PBXFileReference; lastKnownFileType = sourcecode.swift; path = Action.swift; sourceTree = "<group>"; };
		FD30F99A23BA474D00C8652C /* PlayerState.swift */ = {isa = PBXFileReference; lastKnownFileType = sourcecode.swift; path = PlayerState.swift; sourceTree = "<group>"; };
		FD30F99F23BA476200C8652C /* TestReducer.swift */ = {isa = PBXFileReference; lastKnownFileType = sourcecode.swift; path = TestReducer.swift; sourceTree = "<group>"; };
		FD30F9AD23BA479000C8652C /* MockSubscriber.swift */ = {isa = PBXFileReference; lastKnownFileType = sourcecode.swift; path = MockSubscriber.swift; sourceTree = "<group>"; };
		FD30F9B523BA4A3800C8652C /* ReduxInitTests.swift */ = {isa = PBXFileReference; lastKnownFileType = sourcecode.swift; path = ReduxInitTests.swift; sourceTree = "<group>"; };
/* End PBXFileReference section */

/* Begin PBXFrameworksBuildPhase section */
		FD30F8E623BA0EDF00C8652C /* Frameworks */ = {
			isa = PBXFrameworksBuildPhase;
			buildActionMask = 2147483647;
			files = (
			);
			runOnlyForDeploymentPostprocessing = 0;
		};
		FD30F8EF23BA0EDF00C8652C /* Frameworks */ = {
			isa = PBXFrameworksBuildPhase;
			buildActionMask = 2147483647;
			files = (
				FD30F8F323BA0EDF00C8652C /* Redux.framework in Frameworks */,
			);
			runOnlyForDeploymentPostprocessing = 0;
		};
		FD30F90323BA0EF700C8652C /* Frameworks */ = {
			isa = PBXFrameworksBuildPhase;
			buildActionMask = 2147483647;
			files = (
			);
			runOnlyForDeploymentPostprocessing = 0;
		};
		FD30F91D23BA0F3D00C8652C /* Frameworks */ = {
			isa = PBXFrameworksBuildPhase;
			buildActionMask = 2147483647;
			files = (
			);
			runOnlyForDeploymentPostprocessing = 0;
		};
		FD30F92523BA0F3D00C8652C /* Frameworks */ = {
			isa = PBXFrameworksBuildPhase;
			buildActionMask = 2147483647;
			files = (
				FD30F92923BA0F3D00C8652C /* Redux.framework in Frameworks */,
			);
			runOnlyForDeploymentPostprocessing = 0;
		};
		FD30F93923BA0F4C00C8652C /* Frameworks */ = {
			isa = PBXFrameworksBuildPhase;
			buildActionMask = 2147483647;
			files = (
			);
			runOnlyForDeploymentPostprocessing = 0;
		};
		FD30F94123BA0F4C00C8652C /* Frameworks */ = {
			isa = PBXFrameworksBuildPhase;
			buildActionMask = 2147483647;
			files = (
				FD30F94523BA0F4C00C8652C /* Redux.framework in Frameworks */,
			);
			runOnlyForDeploymentPostprocessing = 0;
		};
/* End PBXFrameworksBuildPhase section */

/* Begin PBXGroup section */
		FD30F8DD23BA0E5900C8652C = {
			isa = PBXGroup;
			children = (
				FD30F97023BA127F00C8652C /* Package.swift */,
				FD30F95323BA0F8F00C8652C /* Sources */,
				FD30F95A23BA104E00C8652C /* Tests */,
				FD30F8EA23BA0EDF00C8652C /* Products */,
			);
			sourceTree = "<group>";
		};
		FD30F8EA23BA0EDF00C8652C /* Products */ = {
			isa = PBXGroup;
			children = (
				FD30F8E923BA0EDF00C8652C /* Redux.framework */,
				FD30F8F223BA0EDF00C8652C /* ReduxTests.xctest */,
				FD30F90623BA0EF700C8652C /* Redux.framework */,
				FD30F92023BA0F3D00C8652C /* Redux.framework */,
				FD30F92823BA0F3D00C8652C /* ReduxTests.xctest */,
				FD30F93C23BA0F4C00C8652C /* Redux.framework */,
				FD30F94423BA0F4C00C8652C /* ReduxTests.xctest */,
			);
			name = Products;
			sourceTree = "<group>";
		};
		FD30F95323BA0F8F00C8652C /* Sources */ = {
			isa = PBXGroup;
			children = (
				FD30F95F23BA11D000C8652C /* Redux.h */,
				FD30F95723BA103A00C8652C /* Info-iOS.plist */,
				FD30F95823BA103A00C8652C /* Info-macOS.plist */,
				FD30F95623BA103A00C8652C /* Info-tvOS.plist */,
				FD30F95923BA103A00C8652C /* Info-watchOS.plist */,
				FD30F95423BA0F8F00C8652C /* Redux */,
			);
			path = Sources;
			sourceTree = "<group>";
		};
		FD30F95423BA0F8F00C8652C /* Redux */ = {
			isa = PBXGroup;
			children = (
				FD30F97123BA12E200C8652C /* Action.swift */,
				FD30F97523BA12F600C8652C /* State.swift */,
				FD30F96823BA123400C8652C /* Reducer.swift */,
				FD30F97923BA134100C8652C /* StoreProtocol.swift */,
				FD30F98B23BA138300C8652C /* Store.swift */,
				FD30F98623BA136700C8652C /* StoreSubscriber.swift */,
				FD30F99023BA403000C8652C /* StoreSubscriberProtocol.swift */,
				67A1DFB12426179000256D01 /* Middleware.swift */,
			);
			path = Redux;
			sourceTree = "<group>";
		};
		FD30F95A23BA104E00C8652C /* Tests */ = {
			isa = PBXGroup;
			children = (
				FD30F95E23BA106700C8652C /* ReduxTests */,
				FD30F95B23BA104E00C8652C /* Info-iOSTests.plist */,
				FD30F95C23BA104E00C8652C /* Info-tvOSTests.plist */,
				FD30F95D23BA104E00C8652C /* Info-macOSTests.plist */,
			);
			path = Tests;
			sourceTree = "<group>";
		};
		FD30F95E23BA106700C8652C /* ReduxTests */ = {
			isa = PBXGroup;
			children = (
				FD30F96423BA11F400C8652C /* ReduxTests.swift */,
				FD30F99523BA473800C8652C /* Action.swift */,
				FD30F99A23BA474D00C8652C /* PlayerState.swift */,
				FD30F99F23BA476200C8652C /* TestReducer.swift */,
				FD30F9AD23BA479000C8652C /* MockSubscriber.swift */,
				FD30F9B523BA4A3800C8652C /* ReduxInitTests.swift */,
			);
			path = ReduxTests;
			sourceTree = "<group>";
		};
/* End PBXGroup section */

/* Begin PBXHeadersBuildPhase section */
		FD30F8E423BA0EDF00C8652C /* Headers */ = {
			isa = PBXHeadersBuildPhase;
			buildActionMask = 2147483647;
			files = (
				FD30F96023BA11D100C8652C /* Redux.h in Headers */,
			);
			runOnlyForDeploymentPostprocessing = 0;
		};
		FD30F90123BA0EF700C8652C /* Headers */ = {
			isa = PBXHeadersBuildPhase;
			buildActionMask = 2147483647;
			files = (
				FD30F96123BA11D100C8652C /* Redux.h in Headers */,
			);
			runOnlyForDeploymentPostprocessing = 0;
		};
		FD30F91B23BA0F3D00C8652C /* Headers */ = {
			isa = PBXHeadersBuildPhase;
			buildActionMask = 2147483647;
			files = (
				FD30F96223BA11D100C8652C /* Redux.h in Headers */,
			);
			runOnlyForDeploymentPostprocessing = 0;
		};
		FD30F93723BA0F4C00C8652C /* Headers */ = {
			isa = PBXHeadersBuildPhase;
			buildActionMask = 2147483647;
			files = (
				FD30F96323BA11D100C8652C /* Redux.h in Headers */,
			);
			runOnlyForDeploymentPostprocessing = 0;
		};
/* End PBXHeadersBuildPhase section */

/* Begin PBXNativeTarget section */
		FD30F8E823BA0EDF00C8652C /* Redux iOS */ = {
			isa = PBXNativeTarget;
			buildConfigurationList = FD30F8FB23BA0EDF00C8652C /* Build configuration list for PBXNativeTarget "Redux iOS" */;
			buildPhases = (
				FD30F8E423BA0EDF00C8652C /* Headers */,
				FD30F8E523BA0EDF00C8652C /* Sources */,
				FD30F8E623BA0EDF00C8652C /* Frameworks */,
				FD30F8E723BA0EDF00C8652C /* Resources */,
			);
			buildRules = (
			);
			dependencies = (
			);
			name = "Redux iOS";
			productName = "Redux iOS";
			productReference = FD30F8E923BA0EDF00C8652C /* Redux.framework */;
			productType = "com.apple.product-type.framework";
		};
		FD30F8F123BA0EDF00C8652C /* Redux iOSTests */ = {
			isa = PBXNativeTarget;
			buildConfigurationList = FD30F8FE23BA0EDF00C8652C /* Build configuration list for PBXNativeTarget "Redux iOSTests" */;
			buildPhases = (
				FD30F8EE23BA0EDF00C8652C /* Sources */,
				FD30F8EF23BA0EDF00C8652C /* Frameworks */,
				FD30F8F023BA0EDF00C8652C /* Resources */,
			);
			buildRules = (
			);
			dependencies = (
				FD30F8F523BA0EDF00C8652C /* PBXTargetDependency */,
			);
			name = "Redux iOSTests";
			productName = "Redux iOSTests";
			productReference = FD30F8F223BA0EDF00C8652C /* ReduxTests.xctest */;
			productType = "com.apple.product-type.bundle.unit-test";
		};
		FD30F90523BA0EF700C8652C /* Redux watchOS */ = {
			isa = PBXNativeTarget;
			buildConfigurationList = FD30F90B23BA0EF700C8652C /* Build configuration list for PBXNativeTarget "Redux watchOS" */;
			buildPhases = (
				FD30F90123BA0EF700C8652C /* Headers */,
				FD30F90223BA0EF700C8652C /* Sources */,
				FD30F90323BA0EF700C8652C /* Frameworks */,
				FD30F90423BA0EF700C8652C /* Resources */,
			);
			buildRules = (
			);
			dependencies = (
			);
			name = "Redux watchOS";
			productName = "Redux watchOS";
			productReference = FD30F90623BA0EF700C8652C /* Redux.framework */;
			productType = "com.apple.product-type.framework";
		};
		FD30F91F23BA0F3D00C8652C /* Redux tvOS */ = {
			isa = PBXNativeTarget;
			buildConfigurationList = FD30F93123BA0F3D00C8652C /* Build configuration list for PBXNativeTarget "Redux tvOS" */;
			buildPhases = (
				FD30F91B23BA0F3D00C8652C /* Headers */,
				FD30F91C23BA0F3D00C8652C /* Sources */,
				FD30F91D23BA0F3D00C8652C /* Frameworks */,
				FD30F91E23BA0F3D00C8652C /* Resources */,
			);
			buildRules = (
			);
			dependencies = (
			);
			name = "Redux tvOS";
			productName = "Redux tvOS";
			productReference = FD30F92023BA0F3D00C8652C /* Redux.framework */;
			productType = "com.apple.product-type.framework";
		};
		FD30F92723BA0F3D00C8652C /* Redux tvOSTests */ = {
			isa = PBXNativeTarget;
			buildConfigurationList = FD30F93423BA0F3D00C8652C /* Build configuration list for PBXNativeTarget "Redux tvOSTests" */;
			buildPhases = (
				FD30F92423BA0F3D00C8652C /* Sources */,
				FD30F92523BA0F3D00C8652C /* Frameworks */,
				FD30F92623BA0F3D00C8652C /* Resources */,
			);
			buildRules = (
			);
			dependencies = (
				FD30F92B23BA0F3D00C8652C /* PBXTargetDependency */,
			);
			name = "Redux tvOSTests";
			productName = "Redux tvOSTests";
			productReference = FD30F92823BA0F3D00C8652C /* ReduxTests.xctest */;
			productType = "com.apple.product-type.bundle.unit-test";
		};
		FD30F93B23BA0F4C00C8652C /* Redux macOS */ = {
			isa = PBXNativeTarget;
			buildConfigurationList = FD30F94D23BA0F4C00C8652C /* Build configuration list for PBXNativeTarget "Redux macOS" */;
			buildPhases = (
				FD30F93723BA0F4C00C8652C /* Headers */,
				FD30F93823BA0F4C00C8652C /* Sources */,
				FD30F93923BA0F4C00C8652C /* Frameworks */,
				FD30F93A23BA0F4C00C8652C /* Resources */,
			);
			buildRules = (
			);
			dependencies = (
			);
			name = "Redux macOS";
			productName = "Redux macOS";
			productReference = FD30F93C23BA0F4C00C8652C /* Redux.framework */;
			productType = "com.apple.product-type.framework";
		};
		FD30F94323BA0F4C00C8652C /* Redux macOSTests */ = {
			isa = PBXNativeTarget;
			buildConfigurationList = FD30F95023BA0F4C00C8652C /* Build configuration list for PBXNativeTarget "Redux macOSTests" */;
			buildPhases = (
				FD30F94023BA0F4C00C8652C /* Sources */,
				FD30F94123BA0F4C00C8652C /* Frameworks */,
				FD30F94223BA0F4C00C8652C /* Resources */,
			);
			buildRules = (
			);
			dependencies = (
				FD30F94723BA0F4C00C8652C /* PBXTargetDependency */,
			);
			name = "Redux macOSTests";
			productName = "Redux macOSTests";
			productReference = FD30F94423BA0F4C00C8652C /* ReduxTests.xctest */;
			productType = "com.apple.product-type.bundle.unit-test";
		};
/* End PBXNativeTarget section */

/* Begin PBXProject section */
		FD30F8DE23BA0E5900C8652C /* Project object */ = {
			isa = PBXProject;
			attributes = {
				LastSwiftUpdateCheck = 1130;
				LastUpgradeCheck = 1130;
				TargetAttributes = {
					FD30F8E823BA0EDF00C8652C = {
						CreatedOnToolsVersion = 11.3;
					};
					FD30F8F123BA0EDF00C8652C = {
						CreatedOnToolsVersion = 11.3;
					};
					FD30F90523BA0EF700C8652C = {
						CreatedOnToolsVersion = 11.3;
					};
					FD30F91F23BA0F3D00C8652C = {
						CreatedOnToolsVersion = 11.3;
					};
					FD30F92723BA0F3D00C8652C = {
						CreatedOnToolsVersion = 11.3;
					};
					FD30F93B23BA0F4C00C8652C = {
						CreatedOnToolsVersion = 11.3;
					};
					FD30F94323BA0F4C00C8652C = {
						CreatedOnToolsVersion = 11.3;
					};
				};
			};
			buildConfigurationList = FD30F8E123BA0E5900C8652C /* Build configuration list for PBXProject "Redux" */;
			compatibilityVersion = "Xcode 9.3";
			developmentRegion = en;
			hasScannedForEncodings = 0;
			knownRegions = (
				en,
				Base,
			);
			mainGroup = FD30F8DD23BA0E5900C8652C;
			productRefGroup = FD30F8EA23BA0EDF00C8652C /* Products */;
			projectDirPath = "";
			projectRoot = "";
			targets = (
				FD30F8E823BA0EDF00C8652C /* Redux iOS */,
				FD30F8F123BA0EDF00C8652C /* Redux iOSTests */,
				FD30F90523BA0EF700C8652C /* Redux watchOS */,
				FD30F91F23BA0F3D00C8652C /* Redux tvOS */,
				FD30F92723BA0F3D00C8652C /* Redux tvOSTests */,
				FD30F93B23BA0F4C00C8652C /* Redux macOS */,
				FD30F94323BA0F4C00C8652C /* Redux macOSTests */,
			);
		};
/* End PBXProject section */

/* Begin PBXResourcesBuildPhase section */
		FD30F8E723BA0EDF00C8652C /* Resources */ = {
			isa = PBXResourcesBuildPhase;
			buildActionMask = 2147483647;
			files = (
			);
			runOnlyForDeploymentPostprocessing = 0;
		};
		FD30F8F023BA0EDF00C8652C /* Resources */ = {
			isa = PBXResourcesBuildPhase;
			buildActionMask = 2147483647;
			files = (
			);
			runOnlyForDeploymentPostprocessing = 0;
		};
		FD30F90423BA0EF700C8652C /* Resources */ = {
			isa = PBXResourcesBuildPhase;
			buildActionMask = 2147483647;
			files = (
			);
			runOnlyForDeploymentPostprocessing = 0;
		};
		FD30F91E23BA0F3D00C8652C /* Resources */ = {
			isa = PBXResourcesBuildPhase;
			buildActionMask = 2147483647;
			files = (
			);
			runOnlyForDeploymentPostprocessing = 0;
		};
		FD30F92623BA0F3D00C8652C /* Resources */ = {
			isa = PBXResourcesBuildPhase;
			buildActionMask = 2147483647;
			files = (
			);
			runOnlyForDeploymentPostprocessing = 0;
		};
		FD30F93A23BA0F4C00C8652C /* Resources */ = {
			isa = PBXResourcesBuildPhase;
			buildActionMask = 2147483647;
			files = (
			);
			runOnlyForDeploymentPostprocessing = 0;
		};
		FD30F94223BA0F4C00C8652C /* Resources */ = {
			isa = PBXResourcesBuildPhase;
			buildActionMask = 2147483647;
			files = (
			);
			runOnlyForDeploymentPostprocessing = 0;
		};
/* End PBXResourcesBuildPhase section */

/* Begin PBXSourcesBuildPhase section */
		FD30F8E523BA0EDF00C8652C /* Sources */ = {
			isa = PBXSourcesBuildPhase;
			buildActionMask = 2147483647;
			files = (
				FD30F98723BA136700C8652C /* StoreSubscriber.swift in Sources */,
				67A1DFB22426179000256D01 /* Middleware.swift in Sources */,
				FD30F96F23BA123F00C8652C /* Reducer.swift in Sources */,
				FD30F98223BA134B00C8652C /* Action.swift in Sources */,
				FD30F98C23BA138300C8652C /* Store.swift in Sources */,
				FD30F97A23BA134100C8652C /* StoreProtocol.swift in Sources */,
				FD30F98123BA134800C8652C /* State.swift in Sources */,
				FD30F99123BA403000C8652C /* StoreSubscriberProtocol.swift in Sources */,
			);
			runOnlyForDeploymentPostprocessing = 0;
		};
		FD30F8EE23BA0EDF00C8652C /* Sources */ = {
			isa = PBXSourcesBuildPhase;
			buildActionMask = 2147483647;
			files = (
				FD30F9B623BA4A3800C8652C /* ReduxInitTests.swift in Sources */,
				FD30F96523BA11F400C8652C /* ReduxTests.swift in Sources */,
				FD30F9A523BA477700C8652C /* PlayerState.swift in Sources */,
				FD30F9A623BA477700C8652C /* TestReducer.swift in Sources */,
				FD30F9AE23BA479000C8652C /* MockSubscriber.swift in Sources */,
				FD30F9A423BA477700C8652C /* Action.swift in Sources */,
			);
			runOnlyForDeploymentPostprocessing = 0;
		};
		FD30F90223BA0EF700C8652C /* Sources */ = {
			isa = PBXSourcesBuildPhase;
			buildActionMask = 2147483647;
			files = (
				FD30F98823BA136700C8652C /* StoreSubscriber.swift in Sources */,
				67A1DFB32426179100256D01 /* Middleware.swift in Sources */,
				FD30F96E23BA123F00C8652C /* Reducer.swift in Sources */,
				FD30F98323BA134B00C8652C /* Action.swift in Sources */,
				FD30F98D23BA138300C8652C /* Store.swift in Sources */,
				FD30F97B23BA134100C8652C /* StoreProtocol.swift in Sources */,
				FD30F98023BA134700C8652C /* State.swift in Sources */,
				FD30F99223BA403000C8652C /* StoreSubscriberProtocol.swift in Sources */,
			);
			runOnlyForDeploymentPostprocessing = 0;
		};
		FD30F91C23BA0F3D00C8652C /* Sources */ = {
			isa = PBXSourcesBuildPhase;
			buildActionMask = 2147483647;
			files = (
				FD30F98923BA136700C8652C /* StoreSubscriber.swift in Sources */,
				67A1DFB42426179100256D01 /* Middleware.swift in Sources */,
				FD30F96D23BA123E00C8652C /* Reducer.swift in Sources */,
				FD30F98423BA134C00C8652C /* Action.swift in Sources */,
				FD30F98E23BA138300C8652C /* Store.swift in Sources */,
				FD30F97C23BA134100C8652C /* StoreProtocol.swift in Sources */,
				FD30F97F23BA134700C8652C /* State.swift in Sources */,
				FD30F99323BA403000C8652C /* StoreSubscriberProtocol.swift in Sources */,
			);
			runOnlyForDeploymentPostprocessing = 0;
		};
		FD30F92423BA0F3D00C8652C /* Sources */ = {
			isa = PBXSourcesBuildPhase;
			buildActionMask = 2147483647;
			files = (
				FD30F9B723BA4A3800C8652C /* ReduxInitTests.swift in Sources */,
				FD30F96623BA11F400C8652C /* ReduxTests.swift in Sources */,
				FD30F9A823BA477900C8652C /* PlayerState.swift in Sources */,
				FD30F9A923BA477900C8652C /* TestReducer.swift in Sources */,
				FD30F9AF23BA479000C8652C /* MockSubscriber.swift in Sources */,
				FD30F9A723BA477900C8652C /* Action.swift in Sources */,
			);
			runOnlyForDeploymentPostprocessing = 0;
		};
		FD30F93823BA0F4C00C8652C /* Sources */ = {
			isa = PBXSourcesBuildPhase;
			buildActionMask = 2147483647;
			files = (
				FD30F98A23BA136700C8652C /* StoreSubscriber.swift in Sources */,
				67A1DFB52426179100256D01 /* Middleware.swift in Sources */,
				FD30F96C23BA123E00C8652C /* Reducer.swift in Sources */,
				FD30F98523BA134D00C8652C /* Action.swift in Sources */,
				FD30F98F23BA138300C8652C /* Store.swift in Sources */,
				FD30F97D23BA134100C8652C /* StoreProtocol.swift in Sources */,
				FD30F97E23BA134600C8652C /* State.swift in Sources */,
				FD30F99423BA403000C8652C /* StoreSubscriberProtocol.swift in Sources */,
			);
			runOnlyForDeploymentPostprocessing = 0;
		};
		FD30F94023BA0F4C00C8652C /* Sources */ = {
			isa = PBXSourcesBuildPhase;
			buildActionMask = 2147483647;
			files = (
				FD30F9B823BA4A3800C8652C /* ReduxInitTests.swift in Sources */,
				FD30F96723BA11F400C8652C /* ReduxTests.swift in Sources */,
				FD30F9AB23BA477A00C8652C /* PlayerState.swift in Sources */,
				FD30F9AC23BA477A00C8652C /* TestReducer.swift in Sources */,
				FD30F9B023BA479000C8652C /* MockSubscriber.swift in Sources */,
				FD30F9AA23BA477A00C8652C /* Action.swift in Sources */,
			);
			runOnlyForDeploymentPostprocessing = 0;
		};
/* End PBXSourcesBuildPhase section */

/* Begin PBXTargetDependency section */
		FD30F8F523BA0EDF00C8652C /* PBXTargetDependency */ = {
			isa = PBXTargetDependency;
			target = FD30F8E823BA0EDF00C8652C /* Redux iOS */;
			targetProxy = FD30F8F423BA0EDF00C8652C /* PBXContainerItemProxy */;
		};
		FD30F92B23BA0F3D00C8652C /* PBXTargetDependency */ = {
			isa = PBXTargetDependency;
			target = FD30F91F23BA0F3D00C8652C /* Redux tvOS */;
			targetProxy = FD30F92A23BA0F3D00C8652C /* PBXContainerItemProxy */;
		};
		FD30F94723BA0F4C00C8652C /* PBXTargetDependency */ = {
			isa = PBXTargetDependency;
			target = FD30F93B23BA0F4C00C8652C /* Redux macOS */;
			targetProxy = FD30F94623BA0F4C00C8652C /* PBXContainerItemProxy */;
		};
/* End PBXTargetDependency section */

/* Begin XCBuildConfiguration section */
		FD30F8E223BA0E5900C8652C /* Debug */ = {
			isa = XCBuildConfiguration;
			buildSettings = {
				PRODUCT_NAME = "$(PROJECT_NAME)";
			};
			name = Debug;
		};
		FD30F8E323BA0E5900C8652C /* Release */ = {
			isa = XCBuildConfiguration;
			buildSettings = {
				PRODUCT_NAME = "$(PROJECT_NAME)";
			};
			name = Release;
		};
		FD30F8FC23BA0EDF00C8652C /* Debug */ = {
			isa = XCBuildConfiguration;
			buildSettings = {
				ALWAYS_SEARCH_USER_PATHS = NO;
				CLANG_ANALYZER_NONNULL = YES;
				CLANG_ANALYZER_NUMBER_OBJECT_CONVERSION = YES_AGGRESSIVE;
				CLANG_CXX_LANGUAGE_STANDARD = "gnu++14";
				CLANG_CXX_LIBRARY = "libc++";
				CLANG_ENABLE_MODULES = YES;
				CLANG_ENABLE_OBJC_ARC = YES;
				CLANG_ENABLE_OBJC_WEAK = YES;
				CLANG_WARN_BLOCK_CAPTURE_AUTORELEASING = YES;
				CLANG_WARN_BOOL_CONVERSION = YES;
				CLANG_WARN_COMMA = YES;
				CLANG_WARN_CONSTANT_CONVERSION = YES;
				CLANG_WARN_DEPRECATED_OBJC_IMPLEMENTATIONS = YES;
				CLANG_WARN_DIRECT_OBJC_ISA_USAGE = YES_ERROR;
				CLANG_WARN_DOCUMENTATION_COMMENTS = YES;
				CLANG_WARN_EMPTY_BODY = YES;
				CLANG_WARN_ENUM_CONVERSION = YES;
				CLANG_WARN_INFINITE_RECURSION = YES;
				CLANG_WARN_INT_CONVERSION = YES;
				CLANG_WARN_NON_LITERAL_NULL_CONVERSION = YES;
				CLANG_WARN_OBJC_IMPLICIT_RETAIN_SELF = YES;
				CLANG_WARN_OBJC_LITERAL_CONVERSION = YES;
				CLANG_WARN_OBJC_ROOT_CLASS = YES_ERROR;
				CLANG_WARN_RANGE_LOOP_ANALYSIS = YES;
				CLANG_WARN_STRICT_PROTOTYPES = YES;
				CLANG_WARN_SUSPICIOUS_MOVE = YES;
				CLANG_WARN_UNGUARDED_AVAILABILITY = YES_AGGRESSIVE;
				CLANG_WARN_UNREACHABLE_CODE = YES;
				CLANG_WARN__DUPLICATE_METHOD_MATCH = YES;
				CODE_SIGN_STYLE = Automatic;
				COPY_PHASE_STRIP = NO;
				CURRENT_PROJECT_VERSION = 1;
				DEBUG_INFORMATION_FORMAT = dwarf;
				DEFINES_MODULE = YES;
				DYLIB_COMPATIBILITY_VERSION = 1;
				DYLIB_CURRENT_VERSION = 1;
				DYLIB_INSTALL_NAME_BASE = "@rpath";
				ENABLE_STRICT_OBJC_MSGSEND = YES;
				ENABLE_TESTABILITY = YES;
				GCC_C_LANGUAGE_STANDARD = gnu11;
				GCC_DYNAMIC_NO_PIC = NO;
				GCC_NO_COMMON_BLOCKS = YES;
				GCC_OPTIMIZATION_LEVEL = 0;
				GCC_PREPROCESSOR_DEFINITIONS = (
					"DEBUG=1",
					"$(inherited)",
				);
				GCC_WARN_64_TO_32_BIT_CONVERSION = YES;
				GCC_WARN_ABOUT_RETURN_TYPE = YES_ERROR;
				GCC_WARN_UNDECLARED_SELECTOR = YES;
				GCC_WARN_UNINITIALIZED_AUTOS = YES_AGGRESSIVE;
				GCC_WARN_UNUSED_FUNCTION = YES;
				GCC_WARN_UNUSED_VARIABLE = YES;
				INFOPLIST_FILE = "Sources/Info-iOS.plist";
				INSTALL_PATH = "$(LOCAL_LIBRARY_DIR)/Frameworks";
				IPHONEOS_DEPLOYMENT_TARGET = 13.2;
				LD_RUNPATH_SEARCH_PATHS = (
					"$(inherited)",
					"@executable_path/Frameworks",
					"@loader_path/Frameworks",
				);
				MTL_ENABLE_DEBUG_INFO = INCLUDE_SOURCE;
				MTL_FAST_MATH = YES;
				ONLY_ACTIVE_ARCH = YES;
				PRODUCT_BUNDLE_IDENTIFIER = "fr.intech-consulting.$(PROJECT_NAME)";
				SDKROOT = iphoneos;
				SKIP_INSTALL = YES;
				SWIFT_ACTIVE_COMPILATION_CONDITIONS = DEBUG;
				SWIFT_OPTIMIZATION_LEVEL = "-Onone";
				SWIFT_VERSION = 5.0;
				TARGETED_DEVICE_FAMILY = "1,2";
				VERSIONING_SYSTEM = "apple-generic";
				VERSION_INFO_PREFIX = "";
			};
			name = Debug;
		};
		FD30F8FD23BA0EDF00C8652C /* Release */ = {
			isa = XCBuildConfiguration;
			buildSettings = {
				ALWAYS_SEARCH_USER_PATHS = NO;
				CLANG_ANALYZER_NONNULL = YES;
				CLANG_ANALYZER_NUMBER_OBJECT_CONVERSION = YES_AGGRESSIVE;
				CLANG_CXX_LANGUAGE_STANDARD = "gnu++14";
				CLANG_CXX_LIBRARY = "libc++";
				CLANG_ENABLE_MODULES = YES;
				CLANG_ENABLE_OBJC_ARC = YES;
				CLANG_ENABLE_OBJC_WEAK = YES;
				CLANG_WARN_BLOCK_CAPTURE_AUTORELEASING = YES;
				CLANG_WARN_BOOL_CONVERSION = YES;
				CLANG_WARN_COMMA = YES;
				CLANG_WARN_CONSTANT_CONVERSION = YES;
				CLANG_WARN_DEPRECATED_OBJC_IMPLEMENTATIONS = YES;
				CLANG_WARN_DIRECT_OBJC_ISA_USAGE = YES_ERROR;
				CLANG_WARN_DOCUMENTATION_COMMENTS = YES;
				CLANG_WARN_EMPTY_BODY = YES;
				CLANG_WARN_ENUM_CONVERSION = YES;
				CLANG_WARN_INFINITE_RECURSION = YES;
				CLANG_WARN_INT_CONVERSION = YES;
				CLANG_WARN_NON_LITERAL_NULL_CONVERSION = YES;
				CLANG_WARN_OBJC_IMPLICIT_RETAIN_SELF = YES;
				CLANG_WARN_OBJC_LITERAL_CONVERSION = YES;
				CLANG_WARN_OBJC_ROOT_CLASS = YES_ERROR;
				CLANG_WARN_RANGE_LOOP_ANALYSIS = YES;
				CLANG_WARN_STRICT_PROTOTYPES = YES;
				CLANG_WARN_SUSPICIOUS_MOVE = YES;
				CLANG_WARN_UNGUARDED_AVAILABILITY = YES_AGGRESSIVE;
				CLANG_WARN_UNREACHABLE_CODE = YES;
				CLANG_WARN__DUPLICATE_METHOD_MATCH = YES;
				CODE_SIGN_STYLE = Automatic;
				COPY_PHASE_STRIP = NO;
				CURRENT_PROJECT_VERSION = 1;
				DEBUG_INFORMATION_FORMAT = "dwarf-with-dsym";
				DEFINES_MODULE = YES;
				DYLIB_COMPATIBILITY_VERSION = 1;
				DYLIB_CURRENT_VERSION = 1;
				DYLIB_INSTALL_NAME_BASE = "@rpath";
				ENABLE_NS_ASSERTIONS = NO;
				ENABLE_STRICT_OBJC_MSGSEND = YES;
				GCC_C_LANGUAGE_STANDARD = gnu11;
				GCC_NO_COMMON_BLOCKS = YES;
				GCC_WARN_64_TO_32_BIT_CONVERSION = YES;
				GCC_WARN_ABOUT_RETURN_TYPE = YES_ERROR;
				GCC_WARN_UNDECLARED_SELECTOR = YES;
				GCC_WARN_UNINITIALIZED_AUTOS = YES_AGGRESSIVE;
				GCC_WARN_UNUSED_FUNCTION = YES;
				GCC_WARN_UNUSED_VARIABLE = YES;
				INFOPLIST_FILE = "Sources/Info-iOS.plist";
				INSTALL_PATH = "$(LOCAL_LIBRARY_DIR)/Frameworks";
				IPHONEOS_DEPLOYMENT_TARGET = 13.2;
				LD_RUNPATH_SEARCH_PATHS = (
					"$(inherited)",
					"@executable_path/Frameworks",
					"@loader_path/Frameworks",
				);
				MTL_ENABLE_DEBUG_INFO = NO;
				MTL_FAST_MATH = YES;
				PRODUCT_BUNDLE_IDENTIFIER = "fr.intech-consulting.$(PROJECT_NAME)";
				SDKROOT = iphoneos;
				SKIP_INSTALL = YES;
				SWIFT_COMPILATION_MODE = wholemodule;
				SWIFT_OPTIMIZATION_LEVEL = "-O";
				SWIFT_VERSION = 5.0;
				TARGETED_DEVICE_FAMILY = "1,2";
				VALIDATE_PRODUCT = YES;
				VERSIONING_SYSTEM = "apple-generic";
				VERSION_INFO_PREFIX = "";
			};
			name = Release;
		};
		FD30F8FF23BA0EDF00C8652C /* Debug */ = {
			isa = XCBuildConfiguration;
			buildSettings = {
				ALWAYS_EMBED_SWIFT_STANDARD_LIBRARIES = YES;
				ALWAYS_SEARCH_USER_PATHS = NO;
				CLANG_ANALYZER_NONNULL = YES;
				CLANG_ANALYZER_NUMBER_OBJECT_CONVERSION = YES_AGGRESSIVE;
				CLANG_CXX_LANGUAGE_STANDARD = "gnu++14";
				CLANG_CXX_LIBRARY = "libc++";
				CLANG_ENABLE_MODULES = YES;
				CLANG_ENABLE_OBJC_ARC = YES;
				CLANG_ENABLE_OBJC_WEAK = YES;
				CLANG_WARN_BLOCK_CAPTURE_AUTORELEASING = YES;
				CLANG_WARN_BOOL_CONVERSION = YES;
				CLANG_WARN_COMMA = YES;
				CLANG_WARN_CONSTANT_CONVERSION = YES;
				CLANG_WARN_DEPRECATED_OBJC_IMPLEMENTATIONS = YES;
				CLANG_WARN_DIRECT_OBJC_ISA_USAGE = YES_ERROR;
				CLANG_WARN_DOCUMENTATION_COMMENTS = YES;
				CLANG_WARN_EMPTY_BODY = YES;
				CLANG_WARN_ENUM_CONVERSION = YES;
				CLANG_WARN_INFINITE_RECURSION = YES;
				CLANG_WARN_INT_CONVERSION = YES;
				CLANG_WARN_NON_LITERAL_NULL_CONVERSION = YES;
				CLANG_WARN_OBJC_IMPLICIT_RETAIN_SELF = YES;
				CLANG_WARN_OBJC_LITERAL_CONVERSION = YES;
				CLANG_WARN_OBJC_ROOT_CLASS = YES_ERROR;
				CLANG_WARN_RANGE_LOOP_ANALYSIS = YES;
				CLANG_WARN_STRICT_PROTOTYPES = YES;
				CLANG_WARN_SUSPICIOUS_MOVE = YES;
				CLANG_WARN_UNGUARDED_AVAILABILITY = YES_AGGRESSIVE;
				CLANG_WARN_UNREACHABLE_CODE = YES;
				CLANG_WARN__DUPLICATE_METHOD_MATCH = YES;
				CODE_SIGN_STYLE = Automatic;
				COPY_PHASE_STRIP = NO;
				DEBUG_INFORMATION_FORMAT = dwarf;
				ENABLE_STRICT_OBJC_MSGSEND = YES;
				ENABLE_TESTABILITY = YES;
				GCC_C_LANGUAGE_STANDARD = gnu11;
				GCC_DYNAMIC_NO_PIC = NO;
				GCC_NO_COMMON_BLOCKS = YES;
				GCC_OPTIMIZATION_LEVEL = 0;
				GCC_PREPROCESSOR_DEFINITIONS = (
					"DEBUG=1",
					"$(inherited)",
				);
				GCC_WARN_64_TO_32_BIT_CONVERSION = YES;
				GCC_WARN_ABOUT_RETURN_TYPE = YES_ERROR;
				GCC_WARN_UNDECLARED_SELECTOR = YES;
				GCC_WARN_UNINITIALIZED_AUTOS = YES_AGGRESSIVE;
				GCC_WARN_UNUSED_FUNCTION = YES;
				GCC_WARN_UNUSED_VARIABLE = YES;
				INFOPLIST_FILE = "Tests/Info-iOSTests.plist";
				IPHONEOS_DEPLOYMENT_TARGET = 13.2;
				LD_RUNPATH_SEARCH_PATHS = (
					"$(inherited)",
					"@executable_path/Frameworks",
					"@loader_path/Frameworks",
				);
				MTL_ENABLE_DEBUG_INFO = INCLUDE_SOURCE;
				MTL_FAST_MATH = YES;
				ONLY_ACTIVE_ARCH = YES;
				PRODUCT_BUNDLE_IDENTIFIER = "fr.intech-consulting.$(PROJECT_NAME)Tests";
				PRODUCT_NAME = "$(PROJECT_NAME)Tests";
				SDKROOT = iphoneos;
				SWIFT_ACTIVE_COMPILATION_CONDITIONS = DEBUG;
				SWIFT_OPTIMIZATION_LEVEL = "-Onone";
				SWIFT_VERSION = 5.0;
				TARGETED_DEVICE_FAMILY = "1,2";
			};
			name = Debug;
		};
		FD30F90023BA0EDF00C8652C /* Release */ = {
			isa = XCBuildConfiguration;
			buildSettings = {
				ALWAYS_EMBED_SWIFT_STANDARD_LIBRARIES = YES;
				ALWAYS_SEARCH_USER_PATHS = NO;
				CLANG_ANALYZER_NONNULL = YES;
				CLANG_ANALYZER_NUMBER_OBJECT_CONVERSION = YES_AGGRESSIVE;
				CLANG_CXX_LANGUAGE_STANDARD = "gnu++14";
				CLANG_CXX_LIBRARY = "libc++";
				CLANG_ENABLE_MODULES = YES;
				CLANG_ENABLE_OBJC_ARC = YES;
				CLANG_ENABLE_OBJC_WEAK = YES;
				CLANG_WARN_BLOCK_CAPTURE_AUTORELEASING = YES;
				CLANG_WARN_BOOL_CONVERSION = YES;
				CLANG_WARN_COMMA = YES;
				CLANG_WARN_CONSTANT_CONVERSION = YES;
				CLANG_WARN_DEPRECATED_OBJC_IMPLEMENTATIONS = YES;
				CLANG_WARN_DIRECT_OBJC_ISA_USAGE = YES_ERROR;
				CLANG_WARN_DOCUMENTATION_COMMENTS = YES;
				CLANG_WARN_EMPTY_BODY = YES;
				CLANG_WARN_ENUM_CONVERSION = YES;
				CLANG_WARN_INFINITE_RECURSION = YES;
				CLANG_WARN_INT_CONVERSION = YES;
				CLANG_WARN_NON_LITERAL_NULL_CONVERSION = YES;
				CLANG_WARN_OBJC_IMPLICIT_RETAIN_SELF = YES;
				CLANG_WARN_OBJC_LITERAL_CONVERSION = YES;
				CLANG_WARN_OBJC_ROOT_CLASS = YES_ERROR;
				CLANG_WARN_RANGE_LOOP_ANALYSIS = YES;
				CLANG_WARN_STRICT_PROTOTYPES = YES;
				CLANG_WARN_SUSPICIOUS_MOVE = YES;
				CLANG_WARN_UNGUARDED_AVAILABILITY = YES_AGGRESSIVE;
				CLANG_WARN_UNREACHABLE_CODE = YES;
				CLANG_WARN__DUPLICATE_METHOD_MATCH = YES;
				CODE_SIGN_STYLE = Automatic;
				COPY_PHASE_STRIP = NO;
				DEBUG_INFORMATION_FORMAT = "dwarf-with-dsym";
				ENABLE_NS_ASSERTIONS = NO;
				ENABLE_STRICT_OBJC_MSGSEND = YES;
				GCC_C_LANGUAGE_STANDARD = gnu11;
				GCC_NO_COMMON_BLOCKS = YES;
				GCC_WARN_64_TO_32_BIT_CONVERSION = YES;
				GCC_WARN_ABOUT_RETURN_TYPE = YES_ERROR;
				GCC_WARN_UNDECLARED_SELECTOR = YES;
				GCC_WARN_UNINITIALIZED_AUTOS = YES_AGGRESSIVE;
				GCC_WARN_UNUSED_FUNCTION = YES;
				GCC_WARN_UNUSED_VARIABLE = YES;
				INFOPLIST_FILE = "Tests/Info-iOSTests.plist";
				IPHONEOS_DEPLOYMENT_TARGET = 13.2;
				LD_RUNPATH_SEARCH_PATHS = (
					"$(inherited)",
					"@executable_path/Frameworks",
					"@loader_path/Frameworks",
				);
				MTL_ENABLE_DEBUG_INFO = NO;
				MTL_FAST_MATH = YES;
				PRODUCT_BUNDLE_IDENTIFIER = "fr.intech-consulting.$(PROJECT_NAME)Tests";
				PRODUCT_NAME = "$(PROJECT_NAME)Tests";
				SDKROOT = iphoneos;
				SWIFT_COMPILATION_MODE = wholemodule;
				SWIFT_OPTIMIZATION_LEVEL = "-O";
				SWIFT_VERSION = 5.0;
				TARGETED_DEVICE_FAMILY = "1,2";
				VALIDATE_PRODUCT = YES;
			};
			name = Release;
		};
		FD30F90C23BA0EF700C8652C /* Debug */ = {
			isa = XCBuildConfiguration;
			buildSettings = {
				ALWAYS_SEARCH_USER_PATHS = NO;
				APPLICATION_EXTENSION_API_ONLY = YES;
				CLANG_ANALYZER_NONNULL = YES;
				CLANG_ANALYZER_NUMBER_OBJECT_CONVERSION = YES_AGGRESSIVE;
				CLANG_CXX_LANGUAGE_STANDARD = "gnu++14";
				CLANG_CXX_LIBRARY = "libc++";
				CLANG_ENABLE_MODULES = YES;
				CLANG_ENABLE_OBJC_ARC = YES;
				CLANG_ENABLE_OBJC_WEAK = YES;
				CLANG_WARN_BLOCK_CAPTURE_AUTORELEASING = YES;
				CLANG_WARN_BOOL_CONVERSION = YES;
				CLANG_WARN_COMMA = YES;
				CLANG_WARN_CONSTANT_CONVERSION = YES;
				CLANG_WARN_DEPRECATED_OBJC_IMPLEMENTATIONS = YES;
				CLANG_WARN_DIRECT_OBJC_ISA_USAGE = YES_ERROR;
				CLANG_WARN_DOCUMENTATION_COMMENTS = YES;
				CLANG_WARN_EMPTY_BODY = YES;
				CLANG_WARN_ENUM_CONVERSION = YES;
				CLANG_WARN_INFINITE_RECURSION = YES;
				CLANG_WARN_INT_CONVERSION = YES;
				CLANG_WARN_NON_LITERAL_NULL_CONVERSION = YES;
				CLANG_WARN_OBJC_IMPLICIT_RETAIN_SELF = YES;
				CLANG_WARN_OBJC_LITERAL_CONVERSION = YES;
				CLANG_WARN_OBJC_ROOT_CLASS = YES_ERROR;
				CLANG_WARN_RANGE_LOOP_ANALYSIS = YES;
				CLANG_WARN_STRICT_PROTOTYPES = YES;
				CLANG_WARN_SUSPICIOUS_MOVE = YES;
				CLANG_WARN_UNGUARDED_AVAILABILITY = YES_AGGRESSIVE;
				CLANG_WARN_UNREACHABLE_CODE = YES;
				CLANG_WARN__DUPLICATE_METHOD_MATCH = YES;
				CODE_SIGN_STYLE = Automatic;
				COPY_PHASE_STRIP = NO;
				CURRENT_PROJECT_VERSION = 1;
				DEBUG_INFORMATION_FORMAT = dwarf;
				DEFINES_MODULE = YES;
				DYLIB_COMPATIBILITY_VERSION = 1;
				DYLIB_CURRENT_VERSION = 1;
				DYLIB_INSTALL_NAME_BASE = "@rpath";
				ENABLE_STRICT_OBJC_MSGSEND = YES;
				ENABLE_TESTABILITY = YES;
				GCC_C_LANGUAGE_STANDARD = gnu11;
				GCC_DYNAMIC_NO_PIC = NO;
				GCC_NO_COMMON_BLOCKS = YES;
				GCC_OPTIMIZATION_LEVEL = 0;
				GCC_PREPROCESSOR_DEFINITIONS = (
					"DEBUG=1",
					"$(inherited)",
				);
				GCC_WARN_64_TO_32_BIT_CONVERSION = YES;
				GCC_WARN_ABOUT_RETURN_TYPE = YES_ERROR;
				GCC_WARN_UNDECLARED_SELECTOR = YES;
				GCC_WARN_UNINITIALIZED_AUTOS = YES_AGGRESSIVE;
				GCC_WARN_UNUSED_FUNCTION = YES;
				GCC_WARN_UNUSED_VARIABLE = YES;
				INFOPLIST_FILE = "Sources/Info-watchOS.plist";
				INSTALL_PATH = "$(LOCAL_LIBRARY_DIR)/Frameworks";
				LD_RUNPATH_SEARCH_PATHS = (
					"$(inherited)",
					"@executable_path/Frameworks",
					"@loader_path/Frameworks",
				);
				MTL_ENABLE_DEBUG_INFO = INCLUDE_SOURCE;
				MTL_FAST_MATH = YES;
				ONLY_ACTIVE_ARCH = YES;
				PRODUCT_BUNDLE_IDENTIFIER = "fr.intech-consulting.$(PROJECT_NAME)";
				SDKROOT = watchos;
				SKIP_INSTALL = YES;
				SWIFT_ACTIVE_COMPILATION_CONDITIONS = DEBUG;
				SWIFT_OPTIMIZATION_LEVEL = "-Onone";
				SWIFT_VERSION = 5.0;
				TARGETED_DEVICE_FAMILY = 4;
				VERSIONING_SYSTEM = "apple-generic";
				VERSION_INFO_PREFIX = "";
				WATCHOS_DEPLOYMENT_TARGET = 6.1;
			};
			name = Debug;
		};
		FD30F90D23BA0EF700C8652C /* Release */ = {
			isa = XCBuildConfiguration;
			buildSettings = {
				ALWAYS_SEARCH_USER_PATHS = NO;
				APPLICATION_EXTENSION_API_ONLY = YES;
				CLANG_ANALYZER_NONNULL = YES;
				CLANG_ANALYZER_NUMBER_OBJECT_CONVERSION = YES_AGGRESSIVE;
				CLANG_CXX_LANGUAGE_STANDARD = "gnu++14";
				CLANG_CXX_LIBRARY = "libc++";
				CLANG_ENABLE_MODULES = YES;
				CLANG_ENABLE_OBJC_ARC = YES;
				CLANG_ENABLE_OBJC_WEAK = YES;
				CLANG_WARN_BLOCK_CAPTURE_AUTORELEASING = YES;
				CLANG_WARN_BOOL_CONVERSION = YES;
				CLANG_WARN_COMMA = YES;
				CLANG_WARN_CONSTANT_CONVERSION = YES;
				CLANG_WARN_DEPRECATED_OBJC_IMPLEMENTATIONS = YES;
				CLANG_WARN_DIRECT_OBJC_ISA_USAGE = YES_ERROR;
				CLANG_WARN_DOCUMENTATION_COMMENTS = YES;
				CLANG_WARN_EMPTY_BODY = YES;
				CLANG_WARN_ENUM_CONVERSION = YES;
				CLANG_WARN_INFINITE_RECURSION = YES;
				CLANG_WARN_INT_CONVERSION = YES;
				CLANG_WARN_NON_LITERAL_NULL_CONVERSION = YES;
				CLANG_WARN_OBJC_IMPLICIT_RETAIN_SELF = YES;
				CLANG_WARN_OBJC_LITERAL_CONVERSION = YES;
				CLANG_WARN_OBJC_ROOT_CLASS = YES_ERROR;
				CLANG_WARN_RANGE_LOOP_ANALYSIS = YES;
				CLANG_WARN_STRICT_PROTOTYPES = YES;
				CLANG_WARN_SUSPICIOUS_MOVE = YES;
				CLANG_WARN_UNGUARDED_AVAILABILITY = YES_AGGRESSIVE;
				CLANG_WARN_UNREACHABLE_CODE = YES;
				CLANG_WARN__DUPLICATE_METHOD_MATCH = YES;
				CODE_SIGN_STYLE = Automatic;
				COPY_PHASE_STRIP = NO;
				CURRENT_PROJECT_VERSION = 1;
				DEBUG_INFORMATION_FORMAT = "dwarf-with-dsym";
				DEFINES_MODULE = YES;
				DYLIB_COMPATIBILITY_VERSION = 1;
				DYLIB_CURRENT_VERSION = 1;
				DYLIB_INSTALL_NAME_BASE = "@rpath";
				ENABLE_NS_ASSERTIONS = NO;
				ENABLE_STRICT_OBJC_MSGSEND = YES;
				GCC_C_LANGUAGE_STANDARD = gnu11;
				GCC_NO_COMMON_BLOCKS = YES;
				GCC_WARN_64_TO_32_BIT_CONVERSION = YES;
				GCC_WARN_ABOUT_RETURN_TYPE = YES_ERROR;
				GCC_WARN_UNDECLARED_SELECTOR = YES;
				GCC_WARN_UNINITIALIZED_AUTOS = YES_AGGRESSIVE;
				GCC_WARN_UNUSED_FUNCTION = YES;
				GCC_WARN_UNUSED_VARIABLE = YES;
				INFOPLIST_FILE = "Sources/Info-watchOS.plist";
				INSTALL_PATH = "$(LOCAL_LIBRARY_DIR)/Frameworks";
				LD_RUNPATH_SEARCH_PATHS = (
					"$(inherited)",
					"@executable_path/Frameworks",
					"@loader_path/Frameworks",
				);
				MTL_ENABLE_DEBUG_INFO = NO;
				MTL_FAST_MATH = YES;
				PRODUCT_BUNDLE_IDENTIFIER = "fr.intech-consulting.$(PROJECT_NAME)";
				SDKROOT = watchos;
				SKIP_INSTALL = YES;
				SWIFT_COMPILATION_MODE = wholemodule;
				SWIFT_OPTIMIZATION_LEVEL = "-O";
				SWIFT_VERSION = 5.0;
				TARGETED_DEVICE_FAMILY = 4;
				VALIDATE_PRODUCT = YES;
				VERSIONING_SYSTEM = "apple-generic";
				VERSION_INFO_PREFIX = "";
				WATCHOS_DEPLOYMENT_TARGET = 6.1;
			};
			name = Release;
		};
		FD30F93223BA0F3D00C8652C /* Debug */ = {
			isa = XCBuildConfiguration;
			buildSettings = {
				ALWAYS_SEARCH_USER_PATHS = NO;
				CLANG_ANALYZER_NONNULL = YES;
				CLANG_ANALYZER_NUMBER_OBJECT_CONVERSION = YES_AGGRESSIVE;
				CLANG_CXX_LANGUAGE_STANDARD = "gnu++14";
				CLANG_CXX_LIBRARY = "libc++";
				CLANG_ENABLE_MODULES = YES;
				CLANG_ENABLE_OBJC_ARC = YES;
				CLANG_ENABLE_OBJC_WEAK = YES;
				CLANG_WARN_BLOCK_CAPTURE_AUTORELEASING = YES;
				CLANG_WARN_BOOL_CONVERSION = YES;
				CLANG_WARN_COMMA = YES;
				CLANG_WARN_CONSTANT_CONVERSION = YES;
				CLANG_WARN_DEPRECATED_OBJC_IMPLEMENTATIONS = YES;
				CLANG_WARN_DIRECT_OBJC_ISA_USAGE = YES_ERROR;
				CLANG_WARN_DOCUMENTATION_COMMENTS = YES;
				CLANG_WARN_EMPTY_BODY = YES;
				CLANG_WARN_ENUM_CONVERSION = YES;
				CLANG_WARN_INFINITE_RECURSION = YES;
				CLANG_WARN_INT_CONVERSION = YES;
				CLANG_WARN_NON_LITERAL_NULL_CONVERSION = YES;
				CLANG_WARN_OBJC_IMPLICIT_RETAIN_SELF = YES;
				CLANG_WARN_OBJC_LITERAL_CONVERSION = YES;
				CLANG_WARN_OBJC_ROOT_CLASS = YES_ERROR;
				CLANG_WARN_RANGE_LOOP_ANALYSIS = YES;
				CLANG_WARN_STRICT_PROTOTYPES = YES;
				CLANG_WARN_SUSPICIOUS_MOVE = YES;
				CLANG_WARN_UNGUARDED_AVAILABILITY = YES_AGGRESSIVE;
				CLANG_WARN_UNREACHABLE_CODE = YES;
				CLANG_WARN__DUPLICATE_METHOD_MATCH = YES;
				CODE_SIGN_STYLE = Automatic;
				COPY_PHASE_STRIP = NO;
				CURRENT_PROJECT_VERSION = 1;
				DEBUG_INFORMATION_FORMAT = dwarf;
				DEFINES_MODULE = YES;
				DYLIB_COMPATIBILITY_VERSION = 1;
				DYLIB_CURRENT_VERSION = 1;
				DYLIB_INSTALL_NAME_BASE = "@rpath";
				ENABLE_STRICT_OBJC_MSGSEND = YES;
				ENABLE_TESTABILITY = YES;
				GCC_C_LANGUAGE_STANDARD = gnu11;
				GCC_DYNAMIC_NO_PIC = NO;
				GCC_NO_COMMON_BLOCKS = YES;
				GCC_OPTIMIZATION_LEVEL = 0;
				GCC_PREPROCESSOR_DEFINITIONS = (
					"DEBUG=1",
					"$(inherited)",
				);
				GCC_WARN_64_TO_32_BIT_CONVERSION = YES;
				GCC_WARN_ABOUT_RETURN_TYPE = YES_ERROR;
				GCC_WARN_UNDECLARED_SELECTOR = YES;
				GCC_WARN_UNINITIALIZED_AUTOS = YES_AGGRESSIVE;
				GCC_WARN_UNUSED_FUNCTION = YES;
				GCC_WARN_UNUSED_VARIABLE = YES;
				INFOPLIST_FILE = "Sources/Info-tvOS.plist";
				INSTALL_PATH = "$(LOCAL_LIBRARY_DIR)/Frameworks";
				LD_RUNPATH_SEARCH_PATHS = (
					"$(inherited)",
					"@executable_path/Frameworks",
					"@loader_path/Frameworks",
				);
				MTL_ENABLE_DEBUG_INFO = INCLUDE_SOURCE;
				MTL_FAST_MATH = YES;
				ONLY_ACTIVE_ARCH = YES;
				PRODUCT_BUNDLE_IDENTIFIER = "fr.intech-consulting.$(PROJECT_NAME)";
				SDKROOT = appletvos;
				SKIP_INSTALL = YES;
				SWIFT_ACTIVE_COMPILATION_CONDITIONS = DEBUG;
				SWIFT_OPTIMIZATION_LEVEL = "-Onone";
				SWIFT_VERSION = 5.0;
				TARGETED_DEVICE_FAMILY = 3;
				TVOS_DEPLOYMENT_TARGET = 13.2;
				VERSIONING_SYSTEM = "apple-generic";
				VERSION_INFO_PREFIX = "";
			};
			name = Debug;
		};
		FD30F93323BA0F3D00C8652C /* Release */ = {
			isa = XCBuildConfiguration;
			buildSettings = {
				ALWAYS_SEARCH_USER_PATHS = NO;
				CLANG_ANALYZER_NONNULL = YES;
				CLANG_ANALYZER_NUMBER_OBJECT_CONVERSION = YES_AGGRESSIVE;
				CLANG_CXX_LANGUAGE_STANDARD = "gnu++14";
				CLANG_CXX_LIBRARY = "libc++";
				CLANG_ENABLE_MODULES = YES;
				CLANG_ENABLE_OBJC_ARC = YES;
				CLANG_ENABLE_OBJC_WEAK = YES;
				CLANG_WARN_BLOCK_CAPTURE_AUTORELEASING = YES;
				CLANG_WARN_BOOL_CONVERSION = YES;
				CLANG_WARN_COMMA = YES;
				CLANG_WARN_CONSTANT_CONVERSION = YES;
				CLANG_WARN_DEPRECATED_OBJC_IMPLEMENTATIONS = YES;
				CLANG_WARN_DIRECT_OBJC_ISA_USAGE = YES_ERROR;
				CLANG_WARN_DOCUMENTATION_COMMENTS = YES;
				CLANG_WARN_EMPTY_BODY = YES;
				CLANG_WARN_ENUM_CONVERSION = YES;
				CLANG_WARN_INFINITE_RECURSION = YES;
				CLANG_WARN_INT_CONVERSION = YES;
				CLANG_WARN_NON_LITERAL_NULL_CONVERSION = YES;
				CLANG_WARN_OBJC_IMPLICIT_RETAIN_SELF = YES;
				CLANG_WARN_OBJC_LITERAL_CONVERSION = YES;
				CLANG_WARN_OBJC_ROOT_CLASS = YES_ERROR;
				CLANG_WARN_RANGE_LOOP_ANALYSIS = YES;
				CLANG_WARN_STRICT_PROTOTYPES = YES;
				CLANG_WARN_SUSPICIOUS_MOVE = YES;
				CLANG_WARN_UNGUARDED_AVAILABILITY = YES_AGGRESSIVE;
				CLANG_WARN_UNREACHABLE_CODE = YES;
				CLANG_WARN__DUPLICATE_METHOD_MATCH = YES;
				CODE_SIGN_STYLE = Automatic;
				COPY_PHASE_STRIP = NO;
				CURRENT_PROJECT_VERSION = 1;
				DEBUG_INFORMATION_FORMAT = "dwarf-with-dsym";
				DEFINES_MODULE = YES;
				DYLIB_COMPATIBILITY_VERSION = 1;
				DYLIB_CURRENT_VERSION = 1;
				DYLIB_INSTALL_NAME_BASE = "@rpath";
				ENABLE_NS_ASSERTIONS = NO;
				ENABLE_STRICT_OBJC_MSGSEND = YES;
				GCC_C_LANGUAGE_STANDARD = gnu11;
				GCC_NO_COMMON_BLOCKS = YES;
				GCC_WARN_64_TO_32_BIT_CONVERSION = YES;
				GCC_WARN_ABOUT_RETURN_TYPE = YES_ERROR;
				GCC_WARN_UNDECLARED_SELECTOR = YES;
				GCC_WARN_UNINITIALIZED_AUTOS = YES_AGGRESSIVE;
				GCC_WARN_UNUSED_FUNCTION = YES;
				GCC_WARN_UNUSED_VARIABLE = YES;
				INFOPLIST_FILE = "Sources/Info-tvOS.plist";
				INSTALL_PATH = "$(LOCAL_LIBRARY_DIR)/Frameworks";
				LD_RUNPATH_SEARCH_PATHS = (
					"$(inherited)",
					"@executable_path/Frameworks",
					"@loader_path/Frameworks",
				);
				MTL_ENABLE_DEBUG_INFO = NO;
				MTL_FAST_MATH = YES;
				PRODUCT_BUNDLE_IDENTIFIER = "fr.intech-consulting.$(PROJECT_NAME)";
				SDKROOT = appletvos;
				SKIP_INSTALL = YES;
				SWIFT_COMPILATION_MODE = wholemodule;
				SWIFT_OPTIMIZATION_LEVEL = "-O";
				SWIFT_VERSION = 5.0;
				TARGETED_DEVICE_FAMILY = 3;
				TVOS_DEPLOYMENT_TARGET = 13.2;
				VALIDATE_PRODUCT = YES;
				VERSIONING_SYSTEM = "apple-generic";
				VERSION_INFO_PREFIX = "";
			};
			name = Release;
		};
		FD30F93523BA0F3D00C8652C /* Debug */ = {
			isa = XCBuildConfiguration;
			buildSettings = {
				ALWAYS_EMBED_SWIFT_STANDARD_LIBRARIES = YES;
				ALWAYS_SEARCH_USER_PATHS = NO;
				CLANG_ANALYZER_NONNULL = YES;
				CLANG_ANALYZER_NUMBER_OBJECT_CONVERSION = YES_AGGRESSIVE;
				CLANG_CXX_LANGUAGE_STANDARD = "gnu++14";
				CLANG_CXX_LIBRARY = "libc++";
				CLANG_ENABLE_MODULES = YES;
				CLANG_ENABLE_OBJC_ARC = YES;
				CLANG_ENABLE_OBJC_WEAK = YES;
				CLANG_WARN_BLOCK_CAPTURE_AUTORELEASING = YES;
				CLANG_WARN_BOOL_CONVERSION = YES;
				CLANG_WARN_COMMA = YES;
				CLANG_WARN_CONSTANT_CONVERSION = YES;
				CLANG_WARN_DEPRECATED_OBJC_IMPLEMENTATIONS = YES;
				CLANG_WARN_DIRECT_OBJC_ISA_USAGE = YES_ERROR;
				CLANG_WARN_DOCUMENTATION_COMMENTS = YES;
				CLANG_WARN_EMPTY_BODY = YES;
				CLANG_WARN_ENUM_CONVERSION = YES;
				CLANG_WARN_INFINITE_RECURSION = YES;
				CLANG_WARN_INT_CONVERSION = YES;
				CLANG_WARN_NON_LITERAL_NULL_CONVERSION = YES;
				CLANG_WARN_OBJC_IMPLICIT_RETAIN_SELF = YES;
				CLANG_WARN_OBJC_LITERAL_CONVERSION = YES;
				CLANG_WARN_OBJC_ROOT_CLASS = YES_ERROR;
				CLANG_WARN_RANGE_LOOP_ANALYSIS = YES;
				CLANG_WARN_STRICT_PROTOTYPES = YES;
				CLANG_WARN_SUSPICIOUS_MOVE = YES;
				CLANG_WARN_UNGUARDED_AVAILABILITY = YES_AGGRESSIVE;
				CLANG_WARN_UNREACHABLE_CODE = YES;
				CLANG_WARN__DUPLICATE_METHOD_MATCH = YES;
				CODE_SIGN_STYLE = Automatic;
				COPY_PHASE_STRIP = NO;
				DEBUG_INFORMATION_FORMAT = dwarf;
				ENABLE_STRICT_OBJC_MSGSEND = YES;
				ENABLE_TESTABILITY = YES;
				GCC_C_LANGUAGE_STANDARD = gnu11;
				GCC_DYNAMIC_NO_PIC = NO;
				GCC_NO_COMMON_BLOCKS = YES;
				GCC_OPTIMIZATION_LEVEL = 0;
				GCC_PREPROCESSOR_DEFINITIONS = (
					"DEBUG=1",
					"$(inherited)",
				);
				GCC_WARN_64_TO_32_BIT_CONVERSION = YES;
				GCC_WARN_ABOUT_RETURN_TYPE = YES_ERROR;
				GCC_WARN_UNDECLARED_SELECTOR = YES;
				GCC_WARN_UNINITIALIZED_AUTOS = YES_AGGRESSIVE;
				GCC_WARN_UNUSED_FUNCTION = YES;
				GCC_WARN_UNUSED_VARIABLE = YES;
				INFOPLIST_FILE = "Tests/Info-tvOSTests.plist";
				LD_RUNPATH_SEARCH_PATHS = (
					"$(inherited)",
					"@executable_path/Frameworks",
					"@loader_path/Frameworks",
				);
				MTL_ENABLE_DEBUG_INFO = INCLUDE_SOURCE;
				MTL_FAST_MATH = YES;
				ONLY_ACTIVE_ARCH = YES;
				PRODUCT_BUNDLE_IDENTIFIER = "fr.intech-consulting.$(PROJECT_NAME)Tests";
				PRODUCT_NAME = "$(PROJECT_NAME)Tests";
				SDKROOT = appletvos;
				SWIFT_ACTIVE_COMPILATION_CONDITIONS = DEBUG;
				SWIFT_OPTIMIZATION_LEVEL = "-Onone";
				SWIFT_VERSION = 5.0;
				TARGETED_DEVICE_FAMILY = 3;
				TVOS_DEPLOYMENT_TARGET = 13.2;
			};
			name = Debug;
		};
		FD30F93623BA0F3D00C8652C /* Release */ = {
			isa = XCBuildConfiguration;
			buildSettings = {
				ALWAYS_EMBED_SWIFT_STANDARD_LIBRARIES = YES;
				ALWAYS_SEARCH_USER_PATHS = NO;
				CLANG_ANALYZER_NONNULL = YES;
				CLANG_ANALYZER_NUMBER_OBJECT_CONVERSION = YES_AGGRESSIVE;
				CLANG_CXX_LANGUAGE_STANDARD = "gnu++14";
				CLANG_CXX_LIBRARY = "libc++";
				CLANG_ENABLE_MODULES = YES;
				CLANG_ENABLE_OBJC_ARC = YES;
				CLANG_ENABLE_OBJC_WEAK = YES;
				CLANG_WARN_BLOCK_CAPTURE_AUTORELEASING = YES;
				CLANG_WARN_BOOL_CONVERSION = YES;
				CLANG_WARN_COMMA = YES;
				CLANG_WARN_CONSTANT_CONVERSION = YES;
				CLANG_WARN_DEPRECATED_OBJC_IMPLEMENTATIONS = YES;
				CLANG_WARN_DIRECT_OBJC_ISA_USAGE = YES_ERROR;
				CLANG_WARN_DOCUMENTATION_COMMENTS = YES;
				CLANG_WARN_EMPTY_BODY = YES;
				CLANG_WARN_ENUM_CONVERSION = YES;
				CLANG_WARN_INFINITE_RECURSION = YES;
				CLANG_WARN_INT_CONVERSION = YES;
				CLANG_WARN_NON_LITERAL_NULL_CONVERSION = YES;
				CLANG_WARN_OBJC_IMPLICIT_RETAIN_SELF = YES;
				CLANG_WARN_OBJC_LITERAL_CONVERSION = YES;
				CLANG_WARN_OBJC_ROOT_CLASS = YES_ERROR;
				CLANG_WARN_RANGE_LOOP_ANALYSIS = YES;
				CLANG_WARN_STRICT_PROTOTYPES = YES;
				CLANG_WARN_SUSPICIOUS_MOVE = YES;
				CLANG_WARN_UNGUARDED_AVAILABILITY = YES_AGGRESSIVE;
				CLANG_WARN_UNREACHABLE_CODE = YES;
				CLANG_WARN__DUPLICATE_METHOD_MATCH = YES;
				CODE_SIGN_STYLE = Automatic;
				COPY_PHASE_STRIP = NO;
				DEBUG_INFORMATION_FORMAT = "dwarf-with-dsym";
				ENABLE_NS_ASSERTIONS = NO;
				ENABLE_STRICT_OBJC_MSGSEND = YES;
				GCC_C_LANGUAGE_STANDARD = gnu11;
				GCC_NO_COMMON_BLOCKS = YES;
				GCC_WARN_64_TO_32_BIT_CONVERSION = YES;
				GCC_WARN_ABOUT_RETURN_TYPE = YES_ERROR;
				GCC_WARN_UNDECLARED_SELECTOR = YES;
				GCC_WARN_UNINITIALIZED_AUTOS = YES_AGGRESSIVE;
				GCC_WARN_UNUSED_FUNCTION = YES;
				GCC_WARN_UNUSED_VARIABLE = YES;
				INFOPLIST_FILE = "Tests/Info-tvOSTests.plist";
				LD_RUNPATH_SEARCH_PATHS = (
					"$(inherited)",
					"@executable_path/Frameworks",
					"@loader_path/Frameworks",
				);
				MTL_ENABLE_DEBUG_INFO = NO;
				MTL_FAST_MATH = YES;
				PRODUCT_BUNDLE_IDENTIFIER = "fr.intech-consulting.$(PROJECT_NAME)Tests";
				PRODUCT_NAME = "$(PROJECT_NAME)Tests";
				SDKROOT = appletvos;
				SWIFT_COMPILATION_MODE = wholemodule;
				SWIFT_OPTIMIZATION_LEVEL = "-O";
				SWIFT_VERSION = 5.0;
				TARGETED_DEVICE_FAMILY = 3;
				TVOS_DEPLOYMENT_TARGET = 13.2;
				VALIDATE_PRODUCT = YES;
			};
			name = Release;
		};
		FD30F94E23BA0F4C00C8652C /* Debug */ = {
			isa = XCBuildConfiguration;
			buildSettings = {
				ALWAYS_SEARCH_USER_PATHS = NO;
				CLANG_ANALYZER_NONNULL = YES;
				CLANG_ANALYZER_NUMBER_OBJECT_CONVERSION = YES_AGGRESSIVE;
				CLANG_CXX_LANGUAGE_STANDARD = "gnu++14";
				CLANG_CXX_LIBRARY = "libc++";
				CLANG_ENABLE_MODULES = YES;
				CLANG_ENABLE_OBJC_ARC = YES;
				CLANG_ENABLE_OBJC_WEAK = YES;
				CLANG_WARN_BLOCK_CAPTURE_AUTORELEASING = YES;
				CLANG_WARN_BOOL_CONVERSION = YES;
				CLANG_WARN_COMMA = YES;
				CLANG_WARN_CONSTANT_CONVERSION = YES;
				CLANG_WARN_DEPRECATED_OBJC_IMPLEMENTATIONS = YES;
				CLANG_WARN_DIRECT_OBJC_ISA_USAGE = YES_ERROR;
				CLANG_WARN_DOCUMENTATION_COMMENTS = YES;
				CLANG_WARN_EMPTY_BODY = YES;
				CLANG_WARN_ENUM_CONVERSION = YES;
				CLANG_WARN_INFINITE_RECURSION = YES;
				CLANG_WARN_INT_CONVERSION = YES;
				CLANG_WARN_NON_LITERAL_NULL_CONVERSION = YES;
				CLANG_WARN_OBJC_IMPLICIT_RETAIN_SELF = YES;
				CLANG_WARN_OBJC_LITERAL_CONVERSION = YES;
				CLANG_WARN_OBJC_ROOT_CLASS = YES_ERROR;
				CLANG_WARN_RANGE_LOOP_ANALYSIS = YES;
				CLANG_WARN_STRICT_PROTOTYPES = YES;
				CLANG_WARN_SUSPICIOUS_MOVE = YES;
				CLANG_WARN_UNGUARDED_AVAILABILITY = YES_AGGRESSIVE;
				CLANG_WARN_UNREACHABLE_CODE = YES;
				CLANG_WARN__DUPLICATE_METHOD_MATCH = YES;
				CODE_SIGN_STYLE = Automatic;
				COMBINE_HIDPI_IMAGES = YES;
				COPY_PHASE_STRIP = NO;
				CURRENT_PROJECT_VERSION = 1;
				DEBUG_INFORMATION_FORMAT = dwarf;
				DEFINES_MODULE = YES;
				DYLIB_COMPATIBILITY_VERSION = 1;
				DYLIB_CURRENT_VERSION = 1;
				DYLIB_INSTALL_NAME_BASE = "@rpath";
				ENABLE_STRICT_OBJC_MSGSEND = YES;
				ENABLE_TESTABILITY = YES;
				GCC_C_LANGUAGE_STANDARD = gnu11;
				GCC_DYNAMIC_NO_PIC = NO;
				GCC_NO_COMMON_BLOCKS = YES;
				GCC_OPTIMIZATION_LEVEL = 0;
				GCC_PREPROCESSOR_DEFINITIONS = (
					"DEBUG=1",
					"$(inherited)",
				);
				GCC_WARN_64_TO_32_BIT_CONVERSION = YES;
				GCC_WARN_ABOUT_RETURN_TYPE = YES_ERROR;
				GCC_WARN_UNDECLARED_SELECTOR = YES;
				GCC_WARN_UNINITIALIZED_AUTOS = YES_AGGRESSIVE;
				GCC_WARN_UNUSED_FUNCTION = YES;
				GCC_WARN_UNUSED_VARIABLE = YES;
				INFOPLIST_FILE = "Sources/Info-macOS.plist";
				INSTALL_PATH = "$(LOCAL_LIBRARY_DIR)/Frameworks";
				LD_RUNPATH_SEARCH_PATHS = (
					"$(inherited)",
					"@executable_path/../Frameworks",
					"@loader_path/Frameworks",
				);
				MACOSX_DEPLOYMENT_TARGET = 10.15;
				MTL_ENABLE_DEBUG_INFO = INCLUDE_SOURCE;
				MTL_FAST_MATH = YES;
				ONLY_ACTIVE_ARCH = YES;
				PRODUCT_BUNDLE_IDENTIFIER = "fr.intech-consulting.$(PROJECT_NAME)";
				SDKROOT = macosx;
				SKIP_INSTALL = YES;
				SWIFT_ACTIVE_COMPILATION_CONDITIONS = DEBUG;
				SWIFT_OPTIMIZATION_LEVEL = "-Onone";
				SWIFT_VERSION = 5.0;
				VERSIONING_SYSTEM = "apple-generic";
				VERSION_INFO_PREFIX = "";
			};
			name = Debug;
		};
		FD30F94F23BA0F4C00C8652C /* Release */ = {
			isa = XCBuildConfiguration;
			buildSettings = {
				ALWAYS_SEARCH_USER_PATHS = NO;
				CLANG_ANALYZER_NONNULL = YES;
				CLANG_ANALYZER_NUMBER_OBJECT_CONVERSION = YES_AGGRESSIVE;
				CLANG_CXX_LANGUAGE_STANDARD = "gnu++14";
				CLANG_CXX_LIBRARY = "libc++";
				CLANG_ENABLE_MODULES = YES;
				CLANG_ENABLE_OBJC_ARC = YES;
				CLANG_ENABLE_OBJC_WEAK = YES;
				CLANG_WARN_BLOCK_CAPTURE_AUTORELEASING = YES;
				CLANG_WARN_BOOL_CONVERSION = YES;
				CLANG_WARN_COMMA = YES;
				CLANG_WARN_CONSTANT_CONVERSION = YES;
				CLANG_WARN_DEPRECATED_OBJC_IMPLEMENTATIONS = YES;
				CLANG_WARN_DIRECT_OBJC_ISA_USAGE = YES_ERROR;
				CLANG_WARN_DOCUMENTATION_COMMENTS = YES;
				CLANG_WARN_EMPTY_BODY = YES;
				CLANG_WARN_ENUM_CONVERSION = YES;
				CLANG_WARN_INFINITE_RECURSION = YES;
				CLANG_WARN_INT_CONVERSION = YES;
				CLANG_WARN_NON_LITERAL_NULL_CONVERSION = YES;
				CLANG_WARN_OBJC_IMPLICIT_RETAIN_SELF = YES;
				CLANG_WARN_OBJC_LITERAL_CONVERSION = YES;
				CLANG_WARN_OBJC_ROOT_CLASS = YES_ERROR;
				CLANG_WARN_RANGE_LOOP_ANALYSIS = YES;
				CLANG_WARN_STRICT_PROTOTYPES = YES;
				CLANG_WARN_SUSPICIOUS_MOVE = YES;
				CLANG_WARN_UNGUARDED_AVAILABILITY = YES_AGGRESSIVE;
				CLANG_WARN_UNREACHABLE_CODE = YES;
				CLANG_WARN__DUPLICATE_METHOD_MATCH = YES;
				CODE_SIGN_STYLE = Automatic;
				COMBINE_HIDPI_IMAGES = YES;
				COPY_PHASE_STRIP = NO;
				CURRENT_PROJECT_VERSION = 1;
				DEBUG_INFORMATION_FORMAT = "dwarf-with-dsym";
				DEFINES_MODULE = YES;
				DYLIB_COMPATIBILITY_VERSION = 1;
				DYLIB_CURRENT_VERSION = 1;
				DYLIB_INSTALL_NAME_BASE = "@rpath";
				ENABLE_NS_ASSERTIONS = NO;
				ENABLE_STRICT_OBJC_MSGSEND = YES;
				GCC_C_LANGUAGE_STANDARD = gnu11;
				GCC_NO_COMMON_BLOCKS = YES;
				GCC_WARN_64_TO_32_BIT_CONVERSION = YES;
				GCC_WARN_ABOUT_RETURN_TYPE = YES_ERROR;
				GCC_WARN_UNDECLARED_SELECTOR = YES;
				GCC_WARN_UNINITIALIZED_AUTOS = YES_AGGRESSIVE;
				GCC_WARN_UNUSED_FUNCTION = YES;
				GCC_WARN_UNUSED_VARIABLE = YES;
				INFOPLIST_FILE = "Sources/Info-macOS.plist";
				INSTALL_PATH = "$(LOCAL_LIBRARY_DIR)/Frameworks";
				LD_RUNPATH_SEARCH_PATHS = (
					"$(inherited)",
					"@executable_path/../Frameworks",
					"@loader_path/Frameworks",
				);
				MACOSX_DEPLOYMENT_TARGET = 10.15;
				MTL_ENABLE_DEBUG_INFO = NO;
				MTL_FAST_MATH = YES;
				PRODUCT_BUNDLE_IDENTIFIER = "fr.intech-consulting.$(PROJECT_NAME)";
				SDKROOT = macosx;
				SKIP_INSTALL = YES;
				SWIFT_COMPILATION_MODE = wholemodule;
				SWIFT_OPTIMIZATION_LEVEL = "-O";
				SWIFT_VERSION = 5.0;
				VERSIONING_SYSTEM = "apple-generic";
				VERSION_INFO_PREFIX = "";
			};
			name = Release;
		};
		FD30F95123BA0F4C00C8652C /* Debug */ = {
			isa = XCBuildConfiguration;
			buildSettings = {
				ALWAYS_EMBED_SWIFT_STANDARD_LIBRARIES = YES;
				ALWAYS_SEARCH_USER_PATHS = NO;
				CLANG_ANALYZER_NONNULL = YES;
				CLANG_ANALYZER_NUMBER_OBJECT_CONVERSION = YES_AGGRESSIVE;
				CLANG_CXX_LANGUAGE_STANDARD = "gnu++14";
				CLANG_CXX_LIBRARY = "libc++";
				CLANG_ENABLE_MODULES = YES;
				CLANG_ENABLE_OBJC_ARC = YES;
				CLANG_ENABLE_OBJC_WEAK = YES;
				CLANG_WARN_BLOCK_CAPTURE_AUTORELEASING = YES;
				CLANG_WARN_BOOL_CONVERSION = YES;
				CLANG_WARN_COMMA = YES;
				CLANG_WARN_CONSTANT_CONVERSION = YES;
				CLANG_WARN_DEPRECATED_OBJC_IMPLEMENTATIONS = YES;
				CLANG_WARN_DIRECT_OBJC_ISA_USAGE = YES_ERROR;
				CLANG_WARN_DOCUMENTATION_COMMENTS = YES;
				CLANG_WARN_EMPTY_BODY = YES;
				CLANG_WARN_ENUM_CONVERSION = YES;
				CLANG_WARN_INFINITE_RECURSION = YES;
				CLANG_WARN_INT_CONVERSION = YES;
				CLANG_WARN_NON_LITERAL_NULL_CONVERSION = YES;
				CLANG_WARN_OBJC_IMPLICIT_RETAIN_SELF = YES;
				CLANG_WARN_OBJC_LITERAL_CONVERSION = YES;
				CLANG_WARN_OBJC_ROOT_CLASS = YES_ERROR;
				CLANG_WARN_RANGE_LOOP_ANALYSIS = YES;
				CLANG_WARN_STRICT_PROTOTYPES = YES;
				CLANG_WARN_SUSPICIOUS_MOVE = YES;
				CLANG_WARN_UNGUARDED_AVAILABILITY = YES_AGGRESSIVE;
				CLANG_WARN_UNREACHABLE_CODE = YES;
				CLANG_WARN__DUPLICATE_METHOD_MATCH = YES;
				CODE_SIGN_STYLE = Automatic;
				COMBINE_HIDPI_IMAGES = YES;
				COPY_PHASE_STRIP = NO;
				DEBUG_INFORMATION_FORMAT = dwarf;
				ENABLE_STRICT_OBJC_MSGSEND = YES;
				ENABLE_TESTABILITY = YES;
				GCC_C_LANGUAGE_STANDARD = gnu11;
				GCC_DYNAMIC_NO_PIC = NO;
				GCC_NO_COMMON_BLOCKS = YES;
				GCC_OPTIMIZATION_LEVEL = 0;
				GCC_PREPROCESSOR_DEFINITIONS = (
					"DEBUG=1",
					"$(inherited)",
				);
				GCC_WARN_64_TO_32_BIT_CONVERSION = YES;
				GCC_WARN_ABOUT_RETURN_TYPE = YES_ERROR;
				GCC_WARN_UNDECLARED_SELECTOR = YES;
				GCC_WARN_UNINITIALIZED_AUTOS = YES_AGGRESSIVE;
				GCC_WARN_UNUSED_FUNCTION = YES;
				GCC_WARN_UNUSED_VARIABLE = YES;
				INFOPLIST_FILE = "Tests/Info-macOSTests.plist";
				LD_RUNPATH_SEARCH_PATHS = (
					"$(inherited)",
					"@executable_path/../Frameworks",
					"@loader_path/../Frameworks",
				);
				MACOSX_DEPLOYMENT_TARGET = 10.15;
				MTL_ENABLE_DEBUG_INFO = INCLUDE_SOURCE;
				MTL_FAST_MATH = YES;
				ONLY_ACTIVE_ARCH = YES;
				PRODUCT_BUNDLE_IDENTIFIER = "fr.intech-consulting.$(PROJECT_NAME)Tests";
				PRODUCT_NAME = "$(PROJECT_NAME)Tests";
				SDKROOT = macosx;
				SWIFT_ACTIVE_COMPILATION_CONDITIONS = DEBUG;
				SWIFT_OPTIMIZATION_LEVEL = "-Onone";
				SWIFT_VERSION = 5.0;
			};
			name = Debug;
		};
		FD30F95223BA0F4C00C8652C /* Release */ = {
			isa = XCBuildConfiguration;
			buildSettings = {
				ALWAYS_EMBED_SWIFT_STANDARD_LIBRARIES = YES;
				ALWAYS_SEARCH_USER_PATHS = NO;
				CLANG_ANALYZER_NONNULL = YES;
				CLANG_ANALYZER_NUMBER_OBJECT_CONVERSION = YES_AGGRESSIVE;
				CLANG_CXX_LANGUAGE_STANDARD = "gnu++14";
				CLANG_CXX_LIBRARY = "libc++";
				CLANG_ENABLE_MODULES = YES;
				CLANG_ENABLE_OBJC_ARC = YES;
				CLANG_ENABLE_OBJC_WEAK = YES;
				CLANG_WARN_BLOCK_CAPTURE_AUTORELEASING = YES;
				CLANG_WARN_BOOL_CONVERSION = YES;
				CLANG_WARN_COMMA = YES;
				CLANG_WARN_CONSTANT_CONVERSION = YES;
				CLANG_WARN_DEPRECATED_OBJC_IMPLEMENTATIONS = YES;
				CLANG_WARN_DIRECT_OBJC_ISA_USAGE = YES_ERROR;
				CLANG_WARN_DOCUMENTATION_COMMENTS = YES;
				CLANG_WARN_EMPTY_BODY = YES;
				CLANG_WARN_ENUM_CONVERSION = YES;
				CLANG_WARN_INFINITE_RECURSION = YES;
				CLANG_WARN_INT_CONVERSION = YES;
				CLANG_WARN_NON_LITERAL_NULL_CONVERSION = YES;
				CLANG_WARN_OBJC_IMPLICIT_RETAIN_SELF = YES;
				CLANG_WARN_OBJC_LITERAL_CONVERSION = YES;
				CLANG_WARN_OBJC_ROOT_CLASS = YES_ERROR;
				CLANG_WARN_RANGE_LOOP_ANALYSIS = YES;
				CLANG_WARN_STRICT_PROTOTYPES = YES;
				CLANG_WARN_SUSPICIOUS_MOVE = YES;
				CLANG_WARN_UNGUARDED_AVAILABILITY = YES_AGGRESSIVE;
				CLANG_WARN_UNREACHABLE_CODE = YES;
				CLANG_WARN__DUPLICATE_METHOD_MATCH = YES;
				CODE_SIGN_STYLE = Automatic;
				COMBINE_HIDPI_IMAGES = YES;
				COPY_PHASE_STRIP = NO;
				DEBUG_INFORMATION_FORMAT = "dwarf-with-dsym";
				ENABLE_NS_ASSERTIONS = NO;
				ENABLE_STRICT_OBJC_MSGSEND = YES;
				GCC_C_LANGUAGE_STANDARD = gnu11;
				GCC_NO_COMMON_BLOCKS = YES;
				GCC_WARN_64_TO_32_BIT_CONVERSION = YES;
				GCC_WARN_ABOUT_RETURN_TYPE = YES_ERROR;
				GCC_WARN_UNDECLARED_SELECTOR = YES;
				GCC_WARN_UNINITIALIZED_AUTOS = YES_AGGRESSIVE;
				GCC_WARN_UNUSED_FUNCTION = YES;
				GCC_WARN_UNUSED_VARIABLE = YES;
				INFOPLIST_FILE = "Tests/Info-macOSTests.plist";
				LD_RUNPATH_SEARCH_PATHS = (
					"$(inherited)",
					"@executable_path/../Frameworks",
					"@loader_path/../Frameworks",
				);
				MACOSX_DEPLOYMENT_TARGET = 10.15;
				MTL_ENABLE_DEBUG_INFO = NO;
				MTL_FAST_MATH = YES;
				PRODUCT_BUNDLE_IDENTIFIER = "fr.intech-consulting.$(PROJECT_NAME)Tests";
				PRODUCT_NAME = "$(PROJECT_NAME)Tests";
				SDKROOT = macosx;
				SWIFT_COMPILATION_MODE = wholemodule;
				SWIFT_OPTIMIZATION_LEVEL = "-O";
				SWIFT_VERSION = 5.0;
			};
			name = Release;
		};
/* End XCBuildConfiguration section */

/* Begin XCConfigurationList section */
		FD30F8E123BA0E5900C8652C /* Build configuration list for PBXProject "Redux" */ = {
			isa = XCConfigurationList;
			buildConfigurations = (
				FD30F8E223BA0E5900C8652C /* Debug */,
				FD30F8E323BA0E5900C8652C /* Release */,
			);
			defaultConfigurationIsVisible = 0;
			defaultConfigurationName = Release;
		};
		FD30F8FB23BA0EDF00C8652C /* Build configuration list for PBXNativeTarget "Redux iOS" */ = {
			isa = XCConfigurationList;
			buildConfigurations = (
				FD30F8FC23BA0EDF00C8652C /* Debug */,
				FD30F8FD23BA0EDF00C8652C /* Release */,
			);
			defaultConfigurationIsVisible = 0;
			defaultConfigurationName = Release;
		};
		FD30F8FE23BA0EDF00C8652C /* Build configuration list for PBXNativeTarget "Redux iOSTests" */ = {
			isa = XCConfigurationList;
			buildConfigurations = (
				FD30F8FF23BA0EDF00C8652C /* Debug */,
				FD30F90023BA0EDF00C8652C /* Release */,
			);
			defaultConfigurationIsVisible = 0;
			defaultConfigurationName = Release;
		};
		FD30F90B23BA0EF700C8652C /* Build configuration list for PBXNativeTarget "Redux watchOS" */ = {
			isa = XCConfigurationList;
			buildConfigurations = (
				FD30F90C23BA0EF700C8652C /* Debug */,
				FD30F90D23BA0EF700C8652C /* Release */,
			);
			defaultConfigurationIsVisible = 0;
			defaultConfigurationName = Release;
		};
		FD30F93123BA0F3D00C8652C /* Build configuration list for PBXNativeTarget "Redux tvOS" */ = {
			isa = XCConfigurationList;
			buildConfigurations = (
				FD30F93223BA0F3D00C8652C /* Debug */,
				FD30F93323BA0F3D00C8652C /* Release */,
			);
			defaultConfigurationIsVisible = 0;
			defaultConfigurationName = Release;
		};
		FD30F93423BA0F3D00C8652C /* Build configuration list for PBXNativeTarget "Redux tvOSTests" */ = {
			isa = XCConfigurationList;
			buildConfigurations = (
				FD30F93523BA0F3D00C8652C /* Debug */,
				FD30F93623BA0F3D00C8652C /* Release */,
			);
			defaultConfigurationIsVisible = 0;
			defaultConfigurationName = Release;
		};
		FD30F94D23BA0F4C00C8652C /* Build configuration list for PBXNativeTarget "Redux macOS" */ = {
			isa = XCConfigurationList;
			buildConfigurations = (
				FD30F94E23BA0F4C00C8652C /* Debug */,
				FD30F94F23BA0F4C00C8652C /* Release */,
			);
			defaultConfigurationIsVisible = 0;
			defaultConfigurationName = Release;
		};
		FD30F95023BA0F4C00C8652C /* Build configuration list for PBXNativeTarget "Redux macOSTests" */ = {
			isa = XCConfigurationList;
			buildConfigurations = (
				FD30F95123BA0F4C00C8652C /* Debug */,
				FD30F95223BA0F4C00C8652C /* Release */,
			);
			defaultConfigurationIsVisible = 0;
			defaultConfigurationName = Release;
		};
/* End XCConfigurationList section */
	};
	rootObject = FD30F8DE23BA0E5900C8652C /* Project object */;
}
